// !$*UTF8*$!
{
	archiveVersion = 1;
	classes = {
	};
	objectVersion = 51;
	objects = {

/* Begin PBXBuildFile section */
		D82C8CDF21F40C6700119077 /* window.cpp in Sources */ = {isa = PBXBuildFile; fileRef = D82C8CDD21F40C6700119077 /* window.cpp */; };
		D82C8CE721F6162700119077 /* main.cpp in Sources */ = {isa = PBXBuildFile; fileRef = D82C8CE621F6162700119077 /* main.cpp */; };
		D82D556221F8D7FE00B02339 /* main.cpp in Sources */ = {isa = PBXBuildFile; fileRef = D82D556121F8D7FE00B02339 /* main.cpp */; };
		D82D557321F8D82500B02339 /* camera.cpp in Sources */ = {isa = PBXBuildFile; fileRef = D82D556621F8D82500B02339 /* camera.cpp */; };
		D82D557421F8D82500B02339 /* mesh.cpp in Sources */ = {isa = PBXBuildFile; fileRef = D82D556B21F8D82500B02339 /* mesh.cpp */; };
		D82D557521F8D82500B02339 /* texture.cpp in Sources */ = {isa = PBXBuildFile; fileRef = D82D556C21F8D82500B02339 /* texture.cpp */; };
		D82D557621F8D82500B02339 /* shader.cpp in Sources */ = {isa = PBXBuildFile; fileRef = D82D556F21F8D82500B02339 /* shader.cpp */; };
		D82D557721F8D82500B02339 /* window.cpp in Sources */ = {isa = PBXBuildFile; fileRef = D82D557021F8D82500B02339 /* window.cpp */; };
		D82D557A21F8D86800B02339 /* light.cpp in Sources */ = {isa = PBXBuildFile; fileRef = D82D557821F8D86800B02339 /* light.cpp */; };
		D82D557B21F8D8D000B02339 /* libglfw.3.2.dylib in Frameworks */ = {isa = PBXBuildFile; fileRef = D89A4B0C218D662100F6EA35 /* libglfw.3.2.dylib */; };
		D82D557C21F8D8D300B02339 /* libGLEW.2.1.0.dylib in Frameworks */ = {isa = PBXBuildFile; fileRef = D89A4B0A218D660C00F6EA35 /* libGLEW.2.1.0.dylib */; };
		D82D557D21F8D8D600B02339 /* OpenGL.framework in Frameworks */ = {isa = PBXBuildFile; fileRef = D89A4B08218D659300F6EA35 /* OpenGL.framework */; };
		D82D558021F96FFB00B02339 /* material.cpp in Sources */ = {isa = PBXBuildFile; fileRef = D82D557E21F96FFB00B02339 /* material.cpp */; };
		D82D558321FAAC1D00B02339 /* directional_light.cpp in Sources */ = {isa = PBXBuildFile; fileRef = D82D558121FAAC1D00B02339 /* directional_light.cpp */; };
		D82D558621FAB17F00B02339 /* point_light.cpp in Sources */ = {isa = PBXBuildFile; fileRef = D82D558421FAB17E00B02339 /* point_light.cpp */; };
		D82D558921FAE80D00B02339 /* spot_light.cpp in Sources */ = {isa = PBXBuildFile; fileRef = D82D558721FAE80D00B02339 /* spot_light.cpp */; };
		D82D55AF21FB7F6600B02339 /* directional_light.cpp in Sources */ = {isa = PBXBuildFile; fileRef = D82D559621FB7F6300B02339 /* directional_light.cpp */; };
		D82D55B021FB7F6600B02339 /* window.cpp in Sources */ = {isa = PBXBuildFile; fileRef = D82D559821FB7F6400B02339 /* window.cpp */; };
		D82D55B121FB7F6600B02339 /* camera.cpp in Sources */ = {isa = PBXBuildFile; fileRef = D82D559F21FB7F6400B02339 /* camera.cpp */; };
		D82D55B221FB7F6600B02339 /* material.cpp in Sources */ = {isa = PBXBuildFile; fileRef = D82D55A021FB7F6400B02339 /* material.cpp */; };
		D82D55B321FB7F6600B02339 /* mesh.cpp in Sources */ = {isa = PBXBuildFile; fileRef = D82D55A121FB7F6400B02339 /* mesh.cpp */; };
		D82D55B421FB7F6600B02339 /* point_light.cpp in Sources */ = {isa = PBXBuildFile; fileRef = D82D55A221FB7F6400B02339 /* point_light.cpp */; };
		D82D55B521FB7F6600B02339 /* main.cpp in Sources */ = {isa = PBXBuildFile; fileRef = D82D55A321FB7F6400B02339 /* main.cpp */; };
		D82D55B621FB7F6600B02339 /* texture.cpp in Sources */ = {isa = PBXBuildFile; fileRef = D82D55A621FB7F6500B02339 /* texture.cpp */; };
		D82D55B721FB7F6600B02339 /* spot_light.cpp in Sources */ = {isa = PBXBuildFile; fileRef = D82D55A821FB7F6500B02339 /* spot_light.cpp */; };
		D82D55B821FB7F6600B02339 /* shader.cpp in Sources */ = {isa = PBXBuildFile; fileRef = D82D55AA21FB7F6500B02339 /* shader.cpp */; };
		D82D55B921FB7F6600B02339 /* light.cpp in Sources */ = {isa = PBXBuildFile; fileRef = D82D55AC21FB7F6500B02339 /* light.cpp */; };
		D82D55BA21FB7F8700B02339 /* libglfw.3.2.dylib in Frameworks */ = {isa = PBXBuildFile; fileRef = D89A4B0C218D662100F6EA35 /* libglfw.3.2.dylib */; };
		D82D55BB21FB7F8A00B02339 /* libGLEW.2.1.0.dylib in Frameworks */ = {isa = PBXBuildFile; fileRef = D89A4B0A218D660C00F6EA35 /* libGLEW.2.1.0.dylib */; };
		D82D55BC21FB7F8C00B02339 /* OpenGL.framework in Frameworks */ = {isa = PBXBuildFile; fileRef = D89A4B08218D659300F6EA35 /* OpenGL.framework */; };
		D82D55BE21FB871D00B02339 /* libassimp.4.1.0.dylib in Frameworks */ = {isa = PBXBuildFile; fileRef = D82D55BD21FB871D00B02339 /* libassimp.4.1.0.dylib */; };
		D82D55C121FB884600B02339 /* model.cpp in Sources */ = {isa = PBXBuildFile; fileRef = D82D55BF21FB884600B02339 /* model.cpp */; };
		D85ACCA421F810C600669B77 /* main.cpp in Sources */ = {isa = PBXBuildFile; fileRef = D85ACCA321F810C600669B77 /* main.cpp */; };
		D85ACCB121F8112C00669B77 /* shader.cpp in Sources */ = {isa = PBXBuildFile; fileRef = D85ACCA821F8112B00669B77 /* shader.cpp */; };
		D85ACCB221F8112C00669B77 /* camera.cpp in Sources */ = {isa = PBXBuildFile; fileRef = D85ACCA921F8112B00669B77 /* camera.cpp */; };
		D85ACCB321F8112C00669B77 /* mesh.cpp in Sources */ = {isa = PBXBuildFile; fileRef = D85ACCAD21F8112B00669B77 /* mesh.cpp */; };
		D85ACCB421F8112C00669B77 /* window.cpp in Sources */ = {isa = PBXBuildFile; fileRef = D85ACCB021F8112C00669B77 /* window.cpp */; };
		D85ACCB521F811A800669B77 /* libglfw.3.2.dylib in Frameworks */ = {isa = PBXBuildFile; fileRef = D89A4B0C218D662100F6EA35 /* libglfw.3.2.dylib */; };
		D85ACCB621F811AB00669B77 /* libGLEW.2.1.0.dylib in Frameworks */ = {isa = PBXBuildFile; fileRef = D89A4B0A218D660C00F6EA35 /* libGLEW.2.1.0.dylib */; };
		D85ACCB721F811AD00669B77 /* OpenGL.framework in Frameworks */ = {isa = PBXBuildFile; fileRef = D89A4B08218D659300F6EA35 /* OpenGL.framework */; };
		D85ACCBB21F812AD00669B77 /* texture.cpp in Sources */ = {isa = PBXBuildFile; fileRef = D85ACCB921F812AD00669B77 /* texture.cpp */; };
		D89A4B09218D659300F6EA35 /* OpenGL.framework in Frameworks */ = {isa = PBXBuildFile; fileRef = D89A4B08218D659300F6EA35 /* OpenGL.framework */; };
		D89A4B0B218D660C00F6EA35 /* libGLEW.2.1.0.dylib in Frameworks */ = {isa = PBXBuildFile; fileRef = D89A4B0A218D660C00F6EA35 /* libGLEW.2.1.0.dylib */; };
		D89A4B0D218D662100F6EA35 /* libglfw.3.2.dylib in Frameworks */ = {isa = PBXBuildFile; fileRef = D89A4B0C218D662100F6EA35 /* libglfw.3.2.dylib */; };
		D8BAF44921F01B1700E39F4B /* main.cpp in Sources */ = {isa = PBXBuildFile; fileRef = D89A4B00218D651D00F6EA35 /* main.cpp */; };
		D8BAF44B21F01EA100E39F4B /* main.cpp in Sources */ = {isa = PBXBuildFile; fileRef = D8EE646C21EF7DC000717DAB /* main.cpp */; };
		D8BAF44C21F01EEA00E39F4B /* OpenGL.framework in Frameworks */ = {isa = PBXBuildFile; fileRef = D89A4B08218D659300F6EA35 /* OpenGL.framework */; };
		D8BAF44D21F01EED00E39F4B /* libglfw.3.2.dylib in Frameworks */ = {isa = PBXBuildFile; fileRef = D89A4B0C218D662100F6EA35 /* libglfw.3.2.dylib */; };
		D8BAF44E21F01EF000E39F4B /* libGLEW.2.1.0.dylib in Frameworks */ = {isa = PBXBuildFile; fileRef = D89A4B0A218D660C00F6EA35 /* libGLEW.2.1.0.dylib */; };
		D8BAF45721F1646F00E39F4B /* main.cpp in Sources */ = {isa = PBXBuildFile; fileRef = D8BAF45621F1646F00E39F4B /* main.cpp */; };
		D8BAF45B21F1660500E39F4B /* libglfw.3.2.dylib in Frameworks */ = {isa = PBXBuildFile; fileRef = D89A4B0C218D662100F6EA35 /* libglfw.3.2.dylib */; };
		D8BAF45C21F1660800E39F4B /* libGLEW.2.1.0.dylib in Frameworks */ = {isa = PBXBuildFile; fileRef = D89A4B0A218D660C00F6EA35 /* libGLEW.2.1.0.dylib */; };
		D8BAF45D21F1660B00E39F4B /* OpenGL.framework in Frameworks */ = {isa = PBXBuildFile; fileRef = D89A4B08218D659300F6EA35 /* OpenGL.framework */; };
		D8BAF46521F2C20100E39F4B /* main.cpp in Sources */ = {isa = PBXBuildFile; fileRef = D8BAF46421F2C20100E39F4B /* main.cpp */; };
		D8BAF46921F2C22300E39F4B /* libglfw.3.2.dylib in Frameworks */ = {isa = PBXBuildFile; fileRef = D89A4B0C218D662100F6EA35 /* libglfw.3.2.dylib */; };
		D8BAF46A21F2C22600E39F4B /* libGLEW.2.1.0.dylib in Frameworks */ = {isa = PBXBuildFile; fileRef = D89A4B0A218D660C00F6EA35 /* libGLEW.2.1.0.dylib */; };
		D8BAF46B21F2C22800E39F4B /* OpenGL.framework in Frameworks */ = {isa = PBXBuildFile; fileRef = D89A4B08218D659300F6EA35 /* OpenGL.framework */; };
		D8BAF46F21F38A0600E39F4B /* mesh.cpp in Sources */ = {isa = PBXBuildFile; fileRef = D8BAF46D21F38A0600E39F4B /* mesh.cpp */; };
		D8BAF47221F393D800E39F4B /* shader.cpp in Sources */ = {isa = PBXBuildFile; fileRef = D8BAF47021F393D800E39F4B /* shader.cpp */; };
		D8E55E6021F6168800D04CDA /* window.cpp in Sources */ = {isa = PBXBuildFile; fileRef = D8E55E5D21F6168700D04CDA /* window.cpp */; };
		D8E55E6121F61BD700D04CDA /* libglfw.3.2.dylib in Frameworks */ = {isa = PBXBuildFile; fileRef = D89A4B0C218D662100F6EA35 /* libglfw.3.2.dylib */; };
		D8E55E6221F61BDA00D04CDA /* libGLEW.2.1.0.dylib in Frameworks */ = {isa = PBXBuildFile; fileRef = D89A4B0A218D660C00F6EA35 /* libGLEW.2.1.0.dylib */; };
		D8E55E6321F61BDD00D04CDA /* OpenGL.framework in Frameworks */ = {isa = PBXBuildFile; fileRef = D89A4B08218D659300F6EA35 /* OpenGL.framework */; };
		D8E55E6421F61BF400D04CDA /* shader.cpp in Sources */ = {isa = PBXBuildFile; fileRef = D82C8CEE21F6163E00119077 /* shader.cpp */; };
		D8E55E6521F61BFB00D04CDA /* mesh.cpp in Sources */ = {isa = PBXBuildFile; fileRef = D82C8CED21F6163E00119077 /* mesh.cpp */; };
		D8E55E6821F6A94000D04CDA /* camera.cpp in Sources */ = {isa = PBXBuildFile; fileRef = D8E55E6621F6A94000D04CDA /* camera.cpp */; };
/* End PBXBuildFile section */

/* Begin PBXCopyFilesBuildPhase section */
		D82C8CE221F6162700119077 /* CopyFiles */ = {
			isa = PBXCopyFilesBuildPhase;
			buildActionMask = 2147483647;
			dstPath = /usr/share/man/man1/;
			dstSubfolderSpec = 0;
			files = (
			);
			runOnlyForDeploymentPostprocessing = 1;
		};
		D82D555D21F8D7FE00B02339 /* CopyFiles */ = {
			isa = PBXCopyFilesBuildPhase;
			buildActionMask = 2147483647;
			dstPath = /usr/share/man/man1/;
			dstSubfolderSpec = 0;
			files = (
			);
			runOnlyForDeploymentPostprocessing = 1;
		};
		D82D558D21FB7F1A00B02339 /* CopyFiles */ = {
			isa = PBXCopyFilesBuildPhase;
			buildActionMask = 2147483647;
			dstPath = /usr/share/man/man1/;
			dstSubfolderSpec = 0;
			files = (
			);
			runOnlyForDeploymentPostprocessing = 1;
		};
		D85ACC9F21F810C600669B77 /* CopyFiles */ = {
			isa = PBXCopyFilesBuildPhase;
			buildActionMask = 2147483647;
			dstPath = /usr/share/man/man1/;
			dstSubfolderSpec = 0;
			files = (
			);
			runOnlyForDeploymentPostprocessing = 1;
		};
		D89A4AFB218D651D00F6EA35 /* CopyFiles */ = {
			isa = PBXCopyFilesBuildPhase;
			buildActionMask = 2147483647;
			dstPath = /usr/share/man/man1/;
			dstSubfolderSpec = 0;
			files = (
			);
			runOnlyForDeploymentPostprocessing = 1;
		};
		D8BAF44021F01AF300E39F4B /* CopyFiles */ = {
			isa = PBXCopyFilesBuildPhase;
			buildActionMask = 2147483647;
			dstPath = /usr/share/man/man1/;
			dstSubfolderSpec = 0;
			files = (
			);
			runOnlyForDeploymentPostprocessing = 1;
		};
		D8BAF45221F1646F00E39F4B /* CopyFiles */ = {
			isa = PBXCopyFilesBuildPhase;
			buildActionMask = 2147483647;
			dstPath = /usr/share/man/man1/;
			dstSubfolderSpec = 0;
			files = (
			);
			runOnlyForDeploymentPostprocessing = 1;
		};
		D8BAF46021F2C20100E39F4B /* CopyFiles */ = {
			isa = PBXCopyFilesBuildPhase;
			buildActionMask = 2147483647;
			dstPath = /usr/share/man/man1/;
			dstSubfolderSpec = 0;
			files = (
			);
			runOnlyForDeploymentPostprocessing = 1;
		};
/* End PBXCopyFilesBuildPhase section */

/* Begin PBXFileReference section */
		D82C8CDB21F3ACC200119077 /* shader.vert */ = {isa = PBXFileReference; fileEncoding = 4; lastKnownFileType = sourcecode.glsl; path = shader.vert; sourceTree = "<group>"; };
		D82C8CDC21F3ACC200119077 /* shader.frag */ = {isa = PBXFileReference; fileEncoding = 4; lastKnownFileType = sourcecode.glsl; path = shader.frag; sourceTree = "<group>"; };
		D82C8CDD21F40C6700119077 /* window.cpp */ = {isa = PBXFileReference; lastKnownFileType = sourcecode.cpp.cpp; path = window.cpp; sourceTree = "<group>"; };
		D82C8CDE21F40C6700119077 /* window.hpp */ = {isa = PBXFileReference; lastKnownFileType = sourcecode.cpp.h; path = window.hpp; sourceTree = "<group>"; };
		D82C8CE421F6162700119077 /* Lesson 4 - Camera */ = {isa = PBXFileReference; explicitFileType = "compiled.mach-o.executable"; includeInIndex = 0; path = "Lesson 4 - Camera"; sourceTree = BUILT_PRODUCTS_DIR; };
		D82C8CE621F6162700119077 /* main.cpp */ = {isa = PBXFileReference; lastKnownFileType = sourcecode.cpp.cpp; path = main.cpp; sourceTree = "<group>"; };
		D82C8CEC21F6163E00119077 /* shader.hpp */ = {isa = PBXFileReference; lastKnownFileType = sourcecode.cpp.h; path = shader.hpp; sourceTree = "<group>"; };
		D82C8CED21F6163E00119077 /* mesh.cpp */ = {isa = PBXFileReference; lastKnownFileType = sourcecode.cpp.cpp; path = mesh.cpp; sourceTree = "<group>"; };
		D82C8CEE21F6163E00119077 /* shader.cpp */ = {isa = PBXFileReference; lastKnownFileType = sourcecode.cpp.cpp; path = shader.cpp; sourceTree = "<group>"; };
		D82C8CEF21F6163F00119077 /* mesh.hpp */ = {isa = PBXFileReference; lastKnownFileType = sourcecode.cpp.h; path = mesh.hpp; sourceTree = "<group>"; };
		D82D555F21F8D7FE00B02339 /* Lesson 6 - Phong Lighting */ = {isa = PBXFileReference; explicitFileType = "compiled.mach-o.executable"; includeInIndex = 0; path = "Lesson 6 - Phong Lighting"; sourceTree = BUILT_PRODUCTS_DIR; };
		D82D556121F8D7FE00B02339 /* main.cpp */ = {isa = PBXFileReference; lastKnownFileType = sourcecode.cpp.cpp; path = main.cpp; sourceTree = "<group>"; };
		D82D556621F8D82500B02339 /* camera.cpp */ = {isa = PBXFileReference; fileEncoding = 4; lastKnownFileType = sourcecode.cpp.cpp; path = camera.cpp; sourceTree = "<group>"; };
		D82D556721F8D82500B02339 /* camera.hpp */ = {isa = PBXFileReference; fileEncoding = 4; lastKnownFileType = sourcecode.cpp.h; path = camera.hpp; sourceTree = "<group>"; };
		D82D556821F8D82500B02339 /* window.hpp */ = {isa = PBXFileReference; fileEncoding = 4; lastKnownFileType = sourcecode.cpp.h; path = window.hpp; sourceTree = "<group>"; };
		D82D556921F8D82500B02339 /* texture.hpp */ = {isa = PBXFileReference; fileEncoding = 4; lastKnownFileType = sourcecode.cpp.h; path = texture.hpp; sourceTree = "<group>"; };
		D82D556A21F8D82500B02339 /* mesh.hpp */ = {isa = PBXFileReference; fileEncoding = 4; lastKnownFileType = sourcecode.cpp.h; path = mesh.hpp; sourceTree = "<group>"; };
		D82D556B21F8D82500B02339 /* mesh.cpp */ = {isa = PBXFileReference; fileEncoding = 4; lastKnownFileType = sourcecode.cpp.cpp; path = mesh.cpp; sourceTree = "<group>"; };
		D82D556C21F8D82500B02339 /* texture.cpp */ = {isa = PBXFileReference; fileEncoding = 4; lastKnownFileType = sourcecode.cpp.cpp; path = texture.cpp; sourceTree = "<group>"; };
		D82D556D21F8D82500B02339 /* Textures */ = {isa = PBXFileReference; lastKnownFileType = folder; path = Textures; sourceTree = "<group>"; };
		D82D556E21F8D82500B02339 /* stb_image.h */ = {isa = PBXFileReference; fileEncoding = 4; lastKnownFileType = sourcecode.c.h; path = stb_image.h; sourceTree = "<group>"; };
		D82D556F21F8D82500B02339 /* shader.cpp */ = {isa = PBXFileReference; fileEncoding = 4; lastKnownFileType = sourcecode.cpp.cpp; path = shader.cpp; sourceTree = "<group>"; };
		D82D557021F8D82500B02339 /* window.cpp */ = {isa = PBXFileReference; fileEncoding = 4; lastKnownFileType = sourcecode.cpp.cpp; path = window.cpp; sourceTree = "<group>"; };
		D82D557121F8D82500B02339 /* shader.hpp */ = {isa = PBXFileReference; fileEncoding = 4; lastKnownFileType = sourcecode.cpp.h; path = shader.hpp; sourceTree = "<group>"; };
		D82D557221F8D82500B02339 /* Shaders */ = {isa = PBXFileReference; lastKnownFileType = folder; path = Shaders; sourceTree = "<group>"; };
		D82D557821F8D86800B02339 /* light.cpp */ = {isa = PBXFileReference; lastKnownFileType = sourcecode.cpp.cpp; path = light.cpp; sourceTree = "<group>"; };
		D82D557921F8D86800B02339 /* light.hpp */ = {isa = PBXFileReference; lastKnownFileType = sourcecode.cpp.h; path = light.hpp; sourceTree = "<group>"; };
		D82D557E21F96FFB00B02339 /* material.cpp */ = {isa = PBXFileReference; lastKnownFileType = sourcecode.cpp.cpp; path = material.cpp; sourceTree = "<group>"; };
		D82D557F21F96FFB00B02339 /* material.hpp */ = {isa = PBXFileReference; lastKnownFileType = sourcecode.cpp.h; path = material.hpp; sourceTree = "<group>"; };
		D82D558121FAAC1D00B02339 /* directional_light.cpp */ = {isa = PBXFileReference; lastKnownFileType = sourcecode.cpp.cpp; path = directional_light.cpp; sourceTree = "<group>"; };
		D82D558221FAAC1D00B02339 /* directional_light.hpp */ = {isa = PBXFileReference; lastKnownFileType = sourcecode.cpp.h; path = directional_light.hpp; sourceTree = "<group>"; };
		D82D558421FAB17E00B02339 /* point_light.cpp */ = {isa = PBXFileReference; fileEncoding = 4; lastKnownFileType = sourcecode.cpp.cpp; path = point_light.cpp; sourceTree = "<group>"; };
		D82D558521FAB17E00B02339 /* point_light.hpp */ = {isa = PBXFileReference; fileEncoding = 4; lastKnownFileType = sourcecode.cpp.h; path = point_light.hpp; sourceTree = "<group>"; };
		D82D558721FAE80D00B02339 /* spot_light.cpp */ = {isa = PBXFileReference; lastKnownFileType = sourcecode.cpp.cpp; path = spot_light.cpp; sourceTree = "<group>"; };
		D82D558821FAE80D00B02339 /* spot_light.hpp */ = {isa = PBXFileReference; lastKnownFileType = sourcecode.cpp.h; path = spot_light.hpp; sourceTree = "<group>"; };
		D82D558A21FB7B0A00B02339 /* constants.hpp */ = {isa = PBXFileReference; lastKnownFileType = sourcecode.cpp.h; path = constants.hpp; sourceTree = "<group>"; };
		D82D558F21FB7F1A00B02339 /* Lesson 7 - Model Importing */ = {isa = PBXFileReference; explicitFileType = "compiled.mach-o.executable"; includeInIndex = 0; path = "Lesson 7 - Model Importing"; sourceTree = BUILT_PRODUCTS_DIR; };
		D82D559621FB7F6300B02339 /* directional_light.cpp */ = {isa = PBXFileReference; fileEncoding = 4; lastKnownFileType = sourcecode.cpp.cpp; path = directional_light.cpp; sourceTree = "<group>"; };
		D82D559721FB7F6400B02339 /* Shaders */ = {isa = PBXFileReference; lastKnownFileType = folder; path = Shaders; sourceTree = "<group>"; };
		D82D559821FB7F6400B02339 /* window.cpp */ = {isa = PBXFileReference; fileEncoding = 4; lastKnownFileType = sourcecode.cpp.cpp; path = window.cpp; sourceTree = "<group>"; };
		D82D559921FB7F6400B02339 /* shader.hpp */ = {isa = PBXFileReference; fileEncoding = 4; lastKnownFileType = sourcecode.cpp.h; path = shader.hpp; sourceTree = "<group>"; };
		D82D559A21FB7F6400B02339 /* mesh.hpp */ = {isa = PBXFileReference; fileEncoding = 4; lastKnownFileType = sourcecode.cpp.h; path = mesh.hpp; sourceTree = "<group>"; };
		D82D559B21FB7F6400B02339 /* directional_light.hpp */ = {isa = PBXFileReference; fileEncoding = 4; lastKnownFileType = sourcecode.cpp.h; path = directional_light.hpp; sourceTree = "<group>"; };
		D82D559C21FB7F6400B02339 /* light.hpp */ = {isa = PBXFileReference; fileEncoding = 4; lastKnownFileType = sourcecode.cpp.h; path = light.hpp; sourceTree = "<group>"; };
		D82D559D21FB7F6400B02339 /* material.hpp */ = {isa = PBXFileReference; fileEncoding = 4; lastKnownFileType = sourcecode.cpp.h; path = material.hpp; sourceTree = "<group>"; };
		D82D559E21FB7F6400B02339 /* constants.hpp */ = {isa = PBXFileReference; fileEncoding = 4; lastKnownFileType = sourcecode.cpp.h; path = constants.hpp; sourceTree = "<group>"; };
		D82D559F21FB7F6400B02339 /* camera.cpp */ = {isa = PBXFileReference; fileEncoding = 4; lastKnownFileType = sourcecode.cpp.cpp; path = camera.cpp; sourceTree = "<group>"; };
		D82D55A021FB7F6400B02339 /* material.cpp */ = {isa = PBXFileReference; fileEncoding = 4; lastKnownFileType = sourcecode.cpp.cpp; path = material.cpp; sourceTree = "<group>"; };
		D82D55A121FB7F6400B02339 /* mesh.cpp */ = {isa = PBXFileReference; fileEncoding = 4; lastKnownFileType = sourcecode.cpp.cpp; path = mesh.cpp; sourceTree = "<group>"; };
		D82D55A221FB7F6400B02339 /* point_light.cpp */ = {isa = PBXFileReference; fileEncoding = 4; lastKnownFileType = sourcecode.cpp.cpp; path = point_light.cpp; sourceTree = "<group>"; };
		D82D55A321FB7F6400B02339 /* main.cpp */ = {isa = PBXFileReference; fileEncoding = 4; lastKnownFileType = sourcecode.cpp.cpp; path = main.cpp; sourceTree = "<group>"; };
		D82D55A421FB7F6500B02339 /* camera.hpp */ = {isa = PBXFileReference; fileEncoding = 4; lastKnownFileType = sourcecode.cpp.h; path = camera.hpp; sourceTree = "<group>"; };
		D82D55A521FB7F6500B02339 /* spot_light.hpp */ = {isa = PBXFileReference; fileEncoding = 4; lastKnownFileType = sourcecode.cpp.h; path = spot_light.hpp; sourceTree = "<group>"; };
		D82D55A621FB7F6500B02339 /* texture.cpp */ = {isa = PBXFileReference; fileEncoding = 4; lastKnownFileType = sourcecode.cpp.cpp; path = texture.cpp; sourceTree = "<group>"; };
		D82D55A721FB7F6500B02339 /* stb_image.h */ = {isa = PBXFileReference; fileEncoding = 4; lastKnownFileType = sourcecode.c.h; path = stb_image.h; sourceTree = "<group>"; };
		D82D55A821FB7F6500B02339 /* spot_light.cpp */ = {isa = PBXFileReference; fileEncoding = 4; lastKnownFileType = sourcecode.cpp.cpp; path = spot_light.cpp; sourceTree = "<group>"; };
		D82D55A921FB7F6500B02339 /* texture.hpp */ = {isa = PBXFileReference; fileEncoding = 4; lastKnownFileType = sourcecode.cpp.h; path = texture.hpp; sourceTree = "<group>"; };
		D82D55AA21FB7F6500B02339 /* shader.cpp */ = {isa = PBXFileReference; fileEncoding = 4; lastKnownFileType = sourcecode.cpp.cpp; path = shader.cpp; sourceTree = "<group>"; };
		D82D55AB21FB7F6500B02339 /* window.hpp */ = {isa = PBXFileReference; fileEncoding = 4; lastKnownFileType = sourcecode.cpp.h; path = window.hpp; sourceTree = "<group>"; };
		D82D55AC21FB7F6500B02339 /* light.cpp */ = {isa = PBXFileReference; fileEncoding = 4; lastKnownFileType = sourcecode.cpp.cpp; path = light.cpp; sourceTree = "<group>"; };
		D82D55AD21FB7F6600B02339 /* point_light.hpp */ = {isa = PBXFileReference; fileEncoding = 4; lastKnownFileType = sourcecode.cpp.h; path = point_light.hpp; sourceTree = "<group>"; };
		D82D55AE21FB7F6600B02339 /* Textures */ = {isa = PBXFileReference; lastKnownFileType = folder; path = Textures; sourceTree = "<group>"; };
		D82D55BD21FB871D00B02339 /* libassimp.4.1.0.dylib */ = {isa = PBXFileReference; lastKnownFileType = "compiled.mach-o.dylib"; name = libassimp.4.1.0.dylib; path = ../../../../usr/local/Cellar/assimp/4.1.0/lib/libassimp.4.1.0.dylib; sourceTree = "<group>"; };
		D82D55BF21FB884600B02339 /* model.cpp */ = {isa = PBXFileReference; lastKnownFileType = sourcecode.cpp.cpp; path = model.cpp; sourceTree = "<group>"; };
		D82D55C021FB884600B02339 /* model.hpp */ = {isa = PBXFileReference; lastKnownFileType = sourcecode.cpp.h; path = model.hpp; sourceTree = "<group>"; };
		D85ACCA121F810C600669B77 /* Lesson 5 - Textures */ = {isa = PBXFileReference; explicitFileType = "compiled.mach-o.executable"; includeInIndex = 0; path = "Lesson 5 - Textures"; sourceTree = BUILT_PRODUCTS_DIR; };
		D85ACCA321F810C600669B77 /* main.cpp */ = {isa = PBXFileReference; lastKnownFileType = sourcecode.cpp.cpp; path = main.cpp; sourceTree = "<group>"; };
		D85ACCA821F8112B00669B77 /* shader.cpp */ = {isa = PBXFileReference; fileEncoding = 4; lastKnownFileType = sourcecode.cpp.cpp; path = shader.cpp; sourceTree = "<group>"; };
		D85ACCA921F8112B00669B77 /* camera.cpp */ = {isa = PBXFileReference; fileEncoding = 4; lastKnownFileType = sourcecode.cpp.cpp; path = camera.cpp; sourceTree = "<group>"; };
		D85ACCAA21F8112B00669B77 /* mesh.hpp */ = {isa = PBXFileReference; fileEncoding = 4; lastKnownFileType = sourcecode.cpp.h; path = mesh.hpp; sourceTree = "<group>"; };
		D85ACCAB21F8112B00669B77 /* shader.hpp */ = {isa = PBXFileReference; fileEncoding = 4; lastKnownFileType = sourcecode.cpp.h; path = shader.hpp; sourceTree = "<group>"; };
		D85ACCAC21F8112B00669B77 /* Shaders */ = {isa = PBXFileReference; lastKnownFileType = folder; path = Shaders; sourceTree = "<group>"; };
		D85ACCAD21F8112B00669B77 /* mesh.cpp */ = {isa = PBXFileReference; fileEncoding = 4; lastKnownFileType = sourcecode.cpp.cpp; path = mesh.cpp; sourceTree = "<group>"; };
		D85ACCAE21F8112B00669B77 /* window.hpp */ = {isa = PBXFileReference; fileEncoding = 4; lastKnownFileType = sourcecode.cpp.h; path = window.hpp; sourceTree = "<group>"; };
		D85ACCAF21F8112B00669B77 /* camera.hpp */ = {isa = PBXFileReference; fileEncoding = 4; lastKnownFileType = sourcecode.cpp.h; path = camera.hpp; sourceTree = "<group>"; };
		D85ACCB021F8112C00669B77 /* window.cpp */ = {isa = PBXFileReference; fileEncoding = 4; lastKnownFileType = sourcecode.cpp.cpp; path = window.cpp; sourceTree = "<group>"; };
		D85ACCB821F8123800669B77 /* stb_image.h */ = {isa = PBXFileReference; fileEncoding = 4; lastKnownFileType = sourcecode.c.h; path = stb_image.h; sourceTree = "<group>"; };
		D85ACCB921F812AD00669B77 /* texture.cpp */ = {isa = PBXFileReference; lastKnownFileType = sourcecode.cpp.cpp; path = texture.cpp; sourceTree = "<group>"; };
		D85ACCBA21F812AD00669B77 /* texture.hpp */ = {isa = PBXFileReference; lastKnownFileType = sourcecode.cpp.h; path = texture.hpp; sourceTree = "<group>"; };
		D89A4AFD218D651D00F6EA35 /* Lesson 0 - Show a window */ = {isa = PBXFileReference; explicitFileType = "compiled.mach-o.executable"; includeInIndex = 0; path = "Lesson 0 - Show a window"; sourceTree = BUILT_PRODUCTS_DIR; };
		D89A4B00218D651D00F6EA35 /* main.cpp */ = {isa = PBXFileReference; fileEncoding = 4; lastKnownFileType = sourcecode.cpp.cpp; path = main.cpp; sourceTree = "<group>"; };
		D89A4B08218D659300F6EA35 /* OpenGL.framework */ = {isa = PBXFileReference; lastKnownFileType = wrapper.framework; name = OpenGL.framework; path = System/Library/Frameworks/OpenGL.framework; sourceTree = SDKROOT; };
		D89A4B0A218D660C00F6EA35 /* libGLEW.2.1.0.dylib */ = {isa = PBXFileReference; lastKnownFileType = "compiled.mach-o.dylib"; name = libGLEW.2.1.0.dylib; path = ../../../../usr/local/Cellar/glew/2.1.0/lib/libGLEW.2.1.0.dylib; sourceTree = "<group>"; };
		D89A4B0C218D662100F6EA35 /* libglfw.3.2.dylib */ = {isa = PBXFileReference; lastKnownFileType = "compiled.mach-o.dylib"; name = libglfw.3.2.dylib; path = ../../../../usr/local/Cellar/glfw/3.2.1/lib/libglfw.3.2.dylib; sourceTree = "<group>"; };
		D8BAF44221F01AF300E39F4B /* Lesson 1 - Shaders and the First Triangle */ = {isa = PBXFileReference; explicitFileType = "compiled.mach-o.executable"; includeInIndex = 0; path = "Lesson 1 - Shaders and the First Triangle"; sourceTree = BUILT_PRODUCTS_DIR; };
		D8BAF45421F1646F00E39F4B /* Lesson 2 - Transforming */ = {isa = PBXFileReference; explicitFileType = "compiled.mach-o.executable"; includeInIndex = 0; path = "Lesson 2 - Transforming"; sourceTree = BUILT_PRODUCTS_DIR; };
		D8BAF45621F1646F00E39F4B /* main.cpp */ = {isa = PBXFileReference; fileEncoding = 4; lastKnownFileType = sourcecode.cpp.cpp; path = main.cpp; sourceTree = "<group>"; };
		D8BAF46221F2C20100E39F4B /* Lesson 3 - Interpolation_Indexed Draws_Projections */ = {isa = PBXFileReference; explicitFileType = "compiled.mach-o.executable"; includeInIndex = 0; path = "Lesson 3 - Interpolation_Indexed Draws_Projections"; sourceTree = BUILT_PRODUCTS_DIR; };
		D8BAF46421F2C20100E39F4B /* main.cpp */ = {isa = PBXFileReference; lastKnownFileType = sourcecode.cpp.cpp; path = main.cpp; sourceTree = "<group>"; };
		D8BAF46D21F38A0600E39F4B /* mesh.cpp */ = {isa = PBXFileReference; lastKnownFileType = sourcecode.cpp.cpp; path = mesh.cpp; sourceTree = "<group>"; };
		D8BAF46E21F38A0600E39F4B /* mesh.hpp */ = {isa = PBXFileReference; lastKnownFileType = sourcecode.cpp.h; path = mesh.hpp; sourceTree = "<group>"; };
		D8BAF47021F393D800E39F4B /* shader.cpp */ = {isa = PBXFileReference; lastKnownFileType = sourcecode.cpp.cpp; path = shader.cpp; sourceTree = "<group>"; };
		D8BAF47121F393D800E39F4B /* shader.hpp */ = {isa = PBXFileReference; lastKnownFileType = sourcecode.cpp.h; path = shader.hpp; sourceTree = "<group>"; };
		D8E55E5C21F6168700D04CDA /* shader.frag */ = {isa = PBXFileReference; fileEncoding = 4; lastKnownFileType = sourcecode.glsl; path = shader.frag; sourceTree = "<group>"; };
		D8E55E5D21F6168700D04CDA /* window.cpp */ = {isa = PBXFileReference; fileEncoding = 4; lastKnownFileType = sourcecode.cpp.cpp; path = window.cpp; sourceTree = "<group>"; };
		D8E55E5E21F6168800D04CDA /* window.hpp */ = {isa = PBXFileReference; fileEncoding = 4; lastKnownFileType = sourcecode.cpp.h; path = window.hpp; sourceTree = "<group>"; };
		D8E55E5F21F6168800D04CDA /* shader.vert */ = {isa = PBXFileReference; explicitFileType = sourcecode.glsl; fileEncoding = 4; path = shader.vert; sourceTree = "<group>"; };
		D8E55E6621F6A94000D04CDA /* camera.cpp */ = {isa = PBXFileReference; lastKnownFileType = sourcecode.cpp.cpp; path = camera.cpp; sourceTree = "<group>"; };
		D8E55E6721F6A94000D04CDA /* camera.hpp */ = {isa = PBXFileReference; lastKnownFileType = sourcecode.cpp.h; path = camera.hpp; sourceTree = "<group>"; };
		D8EE646C21EF7DC000717DAB /* main.cpp */ = {isa = PBXFileReference; fileEncoding = 4; lastKnownFileType = sourcecode.cpp.cpp; path = main.cpp; sourceTree = "<group>"; };
/* End PBXFileReference section */

/* Begin PBXFrameworksBuildPhase section */
		D82C8CE121F6162700119077 /* Frameworks */ = {
			isa = PBXFrameworksBuildPhase;
			buildActionMask = 2147483647;
			files = (
				D8E55E6121F61BD700D04CDA /* libglfw.3.2.dylib in Frameworks */,
				D8E55E6221F61BDA00D04CDA /* libGLEW.2.1.0.dylib in Frameworks */,
				D8E55E6321F61BDD00D04CDA /* OpenGL.framework in Frameworks */,
			);
			runOnlyForDeploymentPostprocessing = 0;
		};
		D82D555C21F8D7FE00B02339 /* Frameworks */ = {
			isa = PBXFrameworksBuildPhase;
			buildActionMask = 2147483647;
			files = (
				D82D557B21F8D8D000B02339 /* libglfw.3.2.dylib in Frameworks */,
				D82D557C21F8D8D300B02339 /* libGLEW.2.1.0.dylib in Frameworks */,
				D82D557D21F8D8D600B02339 /* OpenGL.framework in Frameworks */,
			);
			runOnlyForDeploymentPostprocessing = 0;
		};
		D82D558C21FB7F1A00B02339 /* Frameworks */ = {
			isa = PBXFrameworksBuildPhase;
			buildActionMask = 2147483647;
			files = (
				D82D55BE21FB871D00B02339 /* libassimp.4.1.0.dylib in Frameworks */,
				D82D55BA21FB7F8700B02339 /* libglfw.3.2.dylib in Frameworks */,
				D82D55BB21FB7F8A00B02339 /* libGLEW.2.1.0.dylib in Frameworks */,
				D82D55BC21FB7F8C00B02339 /* OpenGL.framework in Frameworks */,
			);
			runOnlyForDeploymentPostprocessing = 0;
		};
		D85ACC9E21F810C600669B77 /* Frameworks */ = {
			isa = PBXFrameworksBuildPhase;
			buildActionMask = 2147483647;
			files = (
				D85ACCB521F811A800669B77 /* libglfw.3.2.dylib in Frameworks */,
				D85ACCB621F811AB00669B77 /* libGLEW.2.1.0.dylib in Frameworks */,
				D85ACCB721F811AD00669B77 /* OpenGL.framework in Frameworks */,
			);
			runOnlyForDeploymentPostprocessing = 0;
		};
		D89A4AFA218D651D00F6EA35 /* Frameworks */ = {
			isa = PBXFrameworksBuildPhase;
			buildActionMask = 2147483647;
			files = (
				D89A4B0B218D660C00F6EA35 /* libGLEW.2.1.0.dylib in Frameworks */,
				D89A4B0D218D662100F6EA35 /* libglfw.3.2.dylib in Frameworks */,
				D89A4B09218D659300F6EA35 /* OpenGL.framework in Frameworks */,
			);
			runOnlyForDeploymentPostprocessing = 0;
		};
		D8BAF43F21F01AF300E39F4B /* Frameworks */ = {
			isa = PBXFrameworksBuildPhase;
			buildActionMask = 2147483647;
			files = (
				D8BAF44E21F01EF000E39F4B /* libGLEW.2.1.0.dylib in Frameworks */,
				D8BAF44D21F01EED00E39F4B /* libglfw.3.2.dylib in Frameworks */,
				D8BAF44C21F01EEA00E39F4B /* OpenGL.framework in Frameworks */,
			);
			runOnlyForDeploymentPostprocessing = 0;
		};
		D8BAF45121F1646F00E39F4B /* Frameworks */ = {
			isa = PBXFrameworksBuildPhase;
			buildActionMask = 2147483647;
			files = (
				D8BAF45B21F1660500E39F4B /* libglfw.3.2.dylib in Frameworks */,
				D8BAF45C21F1660800E39F4B /* libGLEW.2.1.0.dylib in Frameworks */,
				D8BAF45D21F1660B00E39F4B /* OpenGL.framework in Frameworks */,
			);
			runOnlyForDeploymentPostprocessing = 0;
		};
		D8BAF45F21F2C20100E39F4B /* Frameworks */ = {
			isa = PBXFrameworksBuildPhase;
			buildActionMask = 2147483647;
			files = (
				D8BAF46921F2C22300E39F4B /* libglfw.3.2.dylib in Frameworks */,
				D8BAF46A21F2C22600E39F4B /* libGLEW.2.1.0.dylib in Frameworks */,
				D8BAF46B21F2C22800E39F4B /* OpenGL.framework in Frameworks */,
			);
			runOnlyForDeploymentPostprocessing = 0;
		};
/* End PBXFrameworksBuildPhase section */

/* Begin PBXGroup section */
		D82C8CD821F3A28B00119077 /* Shaders */ = {
			isa = PBXGroup;
			children = (
				D82C8CDC21F3ACC200119077 /* shader.frag */,
				D82C8CDB21F3ACC200119077 /* shader.vert */,
			);
			path = Shaders;
			sourceTree = "<group>";
		};
		D82C8CE521F6162700119077 /* Lesson 4 - Camera */ = {
			isa = PBXGroup;
			children = (
				D82C8CEB21F6163E00119077 /* Shaders */,
				D82C8CEE21F6163E00119077 /* shader.cpp */,
				D82C8CEC21F6163E00119077 /* shader.hpp */,
				D82C8CED21F6163E00119077 /* mesh.cpp */,
				D82C8CEF21F6163F00119077 /* mesh.hpp */,
				D82C8CE621F6162700119077 /* main.cpp */,
				D8E55E5D21F6168700D04CDA /* window.cpp */,
				D8E55E6621F6A94000D04CDA /* camera.cpp */,
				D8E55E6721F6A94000D04CDA /* camera.hpp */,
				D8E55E5E21F6168800D04CDA /* window.hpp */,
			);
			path = "Lesson 4 - Camera";
			sourceTree = "<group>";
		};
		D82C8CEB21F6163E00119077 /* Shaders */ = {
			isa = PBXGroup;
			children = (
				D8E55E5C21F6168700D04CDA /* shader.frag */,
				D8E55E5F21F6168800D04CDA /* shader.vert */,
			);
			path = Shaders;
			sourceTree = "<group>";
		};
		D82D556021F8D7FE00B02339 /* Lesson 6 - Phong Lighting */ = {
			isa = PBXGroup;
			children = (
				D82D558421FAB17E00B02339 /* point_light.cpp */,
				D82D558521FAB17E00B02339 /* point_light.hpp */,
				D82D558721FAE80D00B02339 /* spot_light.cpp */,
				D82D558821FAE80D00B02339 /* spot_light.hpp */,
				D82D558121FAAC1D00B02339 /* directional_light.cpp */,
				D82D558221FAAC1D00B02339 /* directional_light.hpp */,
				D82D556621F8D82500B02339 /* camera.cpp */,
				D82D556721F8D82500B02339 /* camera.hpp */,
				D82D556B21F8D82500B02339 /* mesh.cpp */,
				D82D556A21F8D82500B02339 /* mesh.hpp */,
				D82D556F21F8D82500B02339 /* shader.cpp */,
				D82D557121F8D82500B02339 /* shader.hpp */,
				D82D557221F8D82500B02339 /* Shaders */,
				D82D556E21F8D82500B02339 /* stb_image.h */,
				D82D556C21F8D82500B02339 /* texture.cpp */,
				D82D556921F8D82500B02339 /* texture.hpp */,
				D82D556D21F8D82500B02339 /* Textures */,
				D82D557021F8D82500B02339 /* window.cpp */,
				D82D556821F8D82500B02339 /* window.hpp */,
				D82D556121F8D7FE00B02339 /* main.cpp */,
				D82D558A21FB7B0A00B02339 /* constants.hpp */,
				D82D557E21F96FFB00B02339 /* material.cpp */,
				D82D557F21F96FFB00B02339 /* material.hpp */,
				D82D557821F8D86800B02339 /* light.cpp */,
				D82D557921F8D86800B02339 /* light.hpp */,
			);
			path = "Lesson 6 - Phong Lighting";
			sourceTree = "<group>";
		};
		D82D559021FB7F1A00B02339 /* Lesson 7 - Model Importing */ = {
			isa = PBXGroup;
			children = (
				D82D559F21FB7F6400B02339 /* camera.cpp */,
				D82D55A421FB7F6500B02339 /* camera.hpp */,
				D82D559E21FB7F6400B02339 /* constants.hpp */,
				D82D559621FB7F6300B02339 /* directional_light.cpp */,
				D82D559B21FB7F6400B02339 /* directional_light.hpp */,
				D82D55AC21FB7F6500B02339 /* light.cpp */,
				D82D559C21FB7F6400B02339 /* light.hpp */,
				D82D55A321FB7F6400B02339 /* main.cpp */,
				D82D55BF21FB884600B02339 /* model.cpp */,
				D82D55C021FB884600B02339 /* model.hpp */,
				D82D55A021FB7F6400B02339 /* material.cpp */,
				D82D559D21FB7F6400B02339 /* material.hpp */,
				D82D55A121FB7F6400B02339 /* mesh.cpp */,
				D82D559A21FB7F6400B02339 /* mesh.hpp */,
				D82D55A221FB7F6400B02339 /* point_light.cpp */,
				D82D55AD21FB7F6600B02339 /* point_light.hpp */,
				D82D55AA21FB7F6500B02339 /* shader.cpp */,
				D82D559921FB7F6400B02339 /* shader.hpp */,
				D82D559721FB7F6400B02339 /* Shaders */,
				D82D55A821FB7F6500B02339 /* spot_light.cpp */,
				D82D55A521FB7F6500B02339 /* spot_light.hpp */,
				D82D55A721FB7F6500B02339 /* stb_image.h */,
				D82D55A621FB7F6500B02339 /* texture.cpp */,
				D82D55A921FB7F6500B02339 /* texture.hpp */,
				D82D55AE21FB7F6600B02339 /* Textures */,
				D82D559821FB7F6400B02339 /* window.cpp */,
				D82D55AB21FB7F6500B02339 /* window.hpp */,
			);
			path = "Lesson 7 - Model Importing";
			sourceTree = "<group>";
		};
		D85ACCA221F810C600669B77 /* Lesson 5 - Textures */ = {
			isa = PBXGroup;
			children = (
				D85ACCA321F810C600669B77 /* main.cpp */,
				D85ACCB921F812AD00669B77 /* texture.cpp */,
				D85ACCBA21F812AD00669B77 /* texture.hpp */,
				D85ACCB821F8123800669B77 /* stb_image.h */,
				D85ACCA921F8112B00669B77 /* camera.cpp */,
				D85ACCAF21F8112B00669B77 /* camera.hpp */,
				D85ACCAD21F8112B00669B77 /* mesh.cpp */,
				D85ACCAA21F8112B00669B77 /* mesh.hpp */,
				D85ACCA821F8112B00669B77 /* shader.cpp */,
				D85ACCAB21F8112B00669B77 /* shader.hpp */,
				D85ACCAC21F8112B00669B77 /* Shaders */,
				D85ACCB021F8112C00669B77 /* window.cpp */,
				D85ACCAE21F8112B00669B77 /* window.hpp */,
			);
			path = "Lesson 5 - Textures";
			sourceTree = "<group>";
		};
		D89A4AF4218D651D00F6EA35 = {
			isa = PBXGroup;
			children = (
				D89A4AFF218D651D00F6EA35 /* Lesson 0 - Show a window */,
				D8BAF44321F01AF300E39F4B /* Lesson 1 - Shaders and the First Triangle */,
				D8BAF45521F1646F00E39F4B /* Lesson 2 - Transforming */,
				D8BAF46321F2C20100E39F4B /* Lesson 3 - Interpolation_Indexed Draws_Projections */,
				D82C8CE521F6162700119077 /* Lesson 4 - Camera */,
				D85ACCA221F810C600669B77 /* Lesson 5 - Textures */,
				D82D556021F8D7FE00B02339 /* Lesson 6 - Phong Lighting */,
				D82D559021FB7F1A00B02339 /* Lesson 7 - Model Importing */,
				D89A4AFE218D651D00F6EA35 /* Products */,
				D89A4B07218D659300F6EA35 /* Frameworks */,
			);
			sourceTree = "<group>";
		};
		D89A4AFE218D651D00F6EA35 /* Products */ = {
			isa = PBXGroup;
			children = (
				D89A4AFD218D651D00F6EA35 /* Lesson 0 - Show a window */,
				D8BAF44221F01AF300E39F4B /* Lesson 1 - Shaders and the First Triangle */,
				D8BAF45421F1646F00E39F4B /* Lesson 2 - Transforming */,
				D8BAF46221F2C20100E39F4B /* Lesson 3 - Interpolation_Indexed Draws_Projections */,
				D82C8CE421F6162700119077 /* Lesson 4 - Camera */,
				D85ACCA121F810C600669B77 /* Lesson 5 - Textures */,
				D82D555F21F8D7FE00B02339 /* Lesson 6 - Phong Lighting */,
				D82D558F21FB7F1A00B02339 /* Lesson 7 - Model Importing */,
			);
			name = Products;
			sourceTree = "<group>";
		};
		D89A4AFF218D651D00F6EA35 /* Lesson 0 - Show a window */ = {
			isa = PBXGroup;
			children = (
				D89A4B00218D651D00F6EA35 /* main.cpp */,
			);
			path = "Lesson 0 - Show a window";
			sourceTree = "<group>";
		};
		D89A4B07218D659300F6EA35 /* Frameworks */ = {
			isa = PBXGroup;
			children = (
				D82D55BD21FB871D00B02339 /* libassimp.4.1.0.dylib */,
				D89A4B0C218D662100F6EA35 /* libglfw.3.2.dylib */,
				D89A4B0A218D660C00F6EA35 /* libGLEW.2.1.0.dylib */,
				D89A4B08218D659300F6EA35 /* OpenGL.framework */,
			);
			name = Frameworks;
			sourceTree = "<group>";
		};
		D8BAF44321F01AF300E39F4B /* Lesson 1 - Shaders and the First Triangle */ = {
			isa = PBXGroup;
			children = (
				D8EE646C21EF7DC000717DAB /* main.cpp */,
			);
			path = "Lesson 1 - Shaders and the First Triangle";
			sourceTree = "<group>";
		};
		D8BAF45521F1646F00E39F4B /* Lesson 2 - Transforming */ = {
			isa = PBXGroup;
			children = (
				D8BAF45621F1646F00E39F4B /* main.cpp */,
			);
			path = "Lesson 2 - Transforming";
			sourceTree = "<group>";
		};
		D8BAF46321F2C20100E39F4B /* Lesson 3 - Interpolation_Indexed Draws_Projections */ = {
			isa = PBXGroup;
			children = (
				D82C8CD821F3A28B00119077 /* Shaders */,
				D8BAF46421F2C20100E39F4B /* main.cpp */,
				D8BAF47021F393D800E39F4B /* shader.cpp */,
				D82C8CDD21F40C6700119077 /* window.cpp */,
				D82C8CDE21F40C6700119077 /* window.hpp */,
				D8BAF47121F393D800E39F4B /* shader.hpp */,
				D8BAF46D21F38A0600E39F4B /* mesh.cpp */,
				D8BAF46E21F38A0600E39F4B /* mesh.hpp */,
			);
			path = "Lesson 3 - Interpolation_Indexed Draws_Projections";
			sourceTree = "<group>";
		};
/* End PBXGroup section */

/* Begin PBXNativeTarget section */
		D82C8CE321F6162700119077 /* Lesson 4 - Camera */ = {
			isa = PBXNativeTarget;
			buildConfigurationList = D82C8CEA21F6162700119077 /* Build configuration list for PBXNativeTarget "Lesson 4 - Camera" */;
			buildPhases = (
				D82C8CE021F6162700119077 /* Sources */,
				D82C8CE121F6162700119077 /* Frameworks */,
				D82C8CE221F6162700119077 /* CopyFiles */,
			);
			buildRules = (
			);
			dependencies = (
			);
			name = "Lesson 4 - Camera";
			productName = "Lesson 4 - Camera";
			productReference = D82C8CE421F6162700119077 /* Lesson 4 - Camera */;
			productType = "com.apple.product-type.tool";
		};
		D82D555E21F8D7FE00B02339 /* Lesson 6 - Phong Lighting */ = {
			isa = PBXNativeTarget;
			buildConfigurationList = D82D556521F8D7FE00B02339 /* Build configuration list for PBXNativeTarget "Lesson 6 - Phong Lighting" */;
			buildPhases = (
				D82D555B21F8D7FE00B02339 /* Sources */,
				D82D555C21F8D7FE00B02339 /* Frameworks */,
				D82D555D21F8D7FE00B02339 /* CopyFiles */,
			);
			buildRules = (
			);
			dependencies = (
			);
			name = "Lesson 6 - Phong Lighting";
			productName = "Lesson 6 - Phong Lighting";
			productReference = D82D555F21F8D7FE00B02339 /* Lesson 6 - Phong Lighting */;
			productType = "com.apple.product-type.tool";
		};
		D82D558E21FB7F1A00B02339 /* Lesson 7 - Model Importing */ = {
			isa = PBXNativeTarget;
			buildConfigurationList = D82D559321FB7F1A00B02339 /* Build configuration list for PBXNativeTarget "Lesson 7 - Model Importing" */;
			buildPhases = (
				D82D558B21FB7F1A00B02339 /* Sources */,
				D82D558C21FB7F1A00B02339 /* Frameworks */,
				D82D558D21FB7F1A00B02339 /* CopyFiles */,
			);
			buildRules = (
			);
			dependencies = (
			);
			name = "Lesson 7 - Model Importing";
			productName = "Lesson 7 - Model Importing";
			productReference = D82D558F21FB7F1A00B02339 /* Lesson 7 - Model Importing */;
			productType = "com.apple.product-type.tool";
		};
		D85ACCA021F810C600669B77 /* Lesson 5 - Textures */ = {
			isa = PBXNativeTarget;
			buildConfigurationList = D85ACCA721F810C600669B77 /* Build configuration list for PBXNativeTarget "Lesson 5 - Textures" */;
			buildPhases = (
				D85ACC9D21F810C600669B77 /* Sources */,
				D85ACC9E21F810C600669B77 /* Frameworks */,
				D85ACC9F21F810C600669B77 /* CopyFiles */,
			);
			buildRules = (
			);
			dependencies = (
			);
			name = "Lesson 5 - Textures";
			productName = "Lesson 5 - Textures";
			productReference = D85ACCA121F810C600669B77 /* Lesson 5 - Textures */;
			productType = "com.apple.product-type.tool";
		};
		D89A4AFC218D651D00F6EA35 /* Lesson 0 - Show a window */ = {
			isa = PBXNativeTarget;
			buildConfigurationList = D89A4B04218D651D00F6EA35 /* Build configuration list for PBXNativeTarget "Lesson 0 - Show a window" */;
			buildPhases = (
				D89A4AF9218D651D00F6EA35 /* Sources */,
				D89A4AFA218D651D00F6EA35 /* Frameworks */,
				D89A4AFB218D651D00F6EA35 /* CopyFiles */,
			);
			buildRules = (
			);
			dependencies = (
			);
			name = "Lesson 0 - Show a window";
			productName = "OpenGl project";
			productReference = D89A4AFD218D651D00F6EA35 /* Lesson 0 - Show a window */;
			productType = "com.apple.product-type.tool";
		};
		D8BAF44121F01AF300E39F4B /* Lesson 1 - Shaders and the First Triangle */ = {
			isa = PBXNativeTarget;
			buildConfigurationList = D8BAF44621F01AF300E39F4B /* Build configuration list for PBXNativeTarget "Lesson 1 - Shaders and the First Triangle" */;
			buildPhases = (
				D8BAF43E21F01AF300E39F4B /* Sources */,
				D8BAF43F21F01AF300E39F4B /* Frameworks */,
				D8BAF44021F01AF300E39F4B /* CopyFiles */,
			);
			buildRules = (
			);
			dependencies = (
			);
			name = "Lesson 1 - Shaders and the First Triangle";
			productName = "Lesson 1 - Shaders and the First Triangle";
			productReference = D8BAF44221F01AF300E39F4B /* Lesson 1 - Shaders and the First Triangle */;
			productType = "com.apple.product-type.tool";
		};
		D8BAF45321F1646F00E39F4B /* Lesson 2 - Transforming */ = {
			isa = PBXNativeTarget;
			buildConfigurationList = D8BAF45A21F1646F00E39F4B /* Build configuration list for PBXNativeTarget "Lesson 2 - Transforming" */;
			buildPhases = (
				D8BAF45021F1646F00E39F4B /* Sources */,
				D8BAF45121F1646F00E39F4B /* Frameworks */,
				D8BAF45221F1646F00E39F4B /* CopyFiles */,
			);
			buildRules = (
			);
			dependencies = (
			);
			name = "Lesson 2 - Transforming";
			productName = "Lesson 2 - Transforming";
			productReference = D8BAF45421F1646F00E39F4B /* Lesson 2 - Transforming */;
			productType = "com.apple.product-type.tool";
		};
		D8BAF46121F2C20100E39F4B /* Lesson 3 - Interpolation_Indexed Draws_Projections */ = {
			isa = PBXNativeTarget;
			buildConfigurationList = D8BAF46821F2C20100E39F4B /* Build configuration list for PBXNativeTarget "Lesson 3 - Interpolation_Indexed Draws_Projections" */;
			buildPhases = (
				D8BAF45E21F2C20100E39F4B /* Sources */,
				D8BAF45F21F2C20100E39F4B /* Frameworks */,
				D8BAF46021F2C20100E39F4B /* CopyFiles */,
			);
			buildRules = (
			);
			dependencies = (
			);
			name = "Lesson 3 - Interpolation_Indexed Draws_Projections";
			productName = "Lesson 3 - Interpolation_Indexed Draws_Projections";
			productReference = D8BAF46221F2C20100E39F4B /* Lesson 3 - Interpolation_Indexed Draws_Projections */;
			productType = "com.apple.product-type.tool";
		};
/* End PBXNativeTarget section */

/* Begin PBXProject section */
		D89A4AF5218D651D00F6EA35 /* Project object */ = {
			isa = PBXProject;
			attributes = {
				LastUpgradeCheck = 1010;
				ORGANIZATIONNAME = Nathan;
				TargetAttributes = {
					D82C8CE321F6162700119077 = {
						CreatedOnToolsVersion = 10.1;
					};
					D82D555E21F8D7FE00B02339 = {
						CreatedOnToolsVersion = 10.1;
					};
					D82D558E21FB7F1A00B02339 = {
						CreatedOnToolsVersion = 10.1;
					};
					D85ACCA021F810C600669B77 = {
						CreatedOnToolsVersion = 10.1;
					};
					D89A4AFC218D651D00F6EA35 = {
						CreatedOnToolsVersion = 10.1;
					};
					D8BAF44121F01AF300E39F4B = {
						CreatedOnToolsVersion = 10.1;
					};
					D8BAF45321F1646F00E39F4B = {
						CreatedOnToolsVersion = 10.1;
					};
					D8BAF46121F2C20100E39F4B = {
						CreatedOnToolsVersion = 10.1;
					};
				};
			};
			buildConfigurationList = D89A4AF8218D651D00F6EA35 /* Build configuration list for PBXProject "OpenGL project" */;
			compatibilityVersion = "Xcode 10.0";
			developmentRegion = en;
			hasScannedForEncodings = 0;
			knownRegions = (
				en,
			);
			mainGroup = D89A4AF4218D651D00F6EA35;
			productRefGroup = D89A4AFE218D651D00F6EA35 /* Products */;
			projectDirPath = "";
			projectRoot = "";
			targets = (
				D89A4AFC218D651D00F6EA35 /* Lesson 0 - Show a window */,
				D8BAF44121F01AF300E39F4B /* Lesson 1 - Shaders and the First Triangle */,
				D8BAF45321F1646F00E39F4B /* Lesson 2 - Transforming */,
				D8BAF46121F2C20100E39F4B /* Lesson 3 - Interpolation_Indexed Draws_Projections */,
				D82C8CE321F6162700119077 /* Lesson 4 - Camera */,
				D85ACCA021F810C600669B77 /* Lesson 5 - Textures */,
				D82D555E21F8D7FE00B02339 /* Lesson 6 - Phong Lighting */,
				D82D558E21FB7F1A00B02339 /* Lesson 7 - Model Importing */,
			);
		};
/* End PBXProject section */

/* Begin PBXSourcesBuildPhase section */
		D82C8CE021F6162700119077 /* Sources */ = {
			isa = PBXSourcesBuildPhase;
			buildActionMask = 2147483647;
			files = (
				D82C8CE721F6162700119077 /* main.cpp in Sources */,
				D8E55E6521F61BFB00D04CDA /* mesh.cpp in Sources */,
				D8E55E6421F61BF400D04CDA /* shader.cpp in Sources */,
				D8E55E6021F6168800D04CDA /* window.cpp in Sources */,
				D8E55E6821F6A94000D04CDA /* camera.cpp in Sources */,
			);
			runOnlyForDeploymentPostprocessing = 0;
		};
		D82D555B21F8D7FE00B02339 /* Sources */ = {
			isa = PBXSourcesBuildPhase;
			buildActionMask = 2147483647;
			files = (
				D82D557621F8D82500B02339 /* shader.cpp in Sources */,
				D82D558921FAE80D00B02339 /* spot_light.cpp in Sources */,
				D82D557321F8D82500B02339 /* camera.cpp in Sources */,
				D82D557521F8D82500B02339 /* texture.cpp in Sources */,
				D82D557721F8D82500B02339 /* window.cpp in Sources */,
				D82D558021F96FFB00B02339 /* material.cpp in Sources */,
				D82D558621FAB17F00B02339 /* point_light.cpp in Sources */,
				D82D557A21F8D86800B02339 /* light.cpp in Sources */,
				D82D556221F8D7FE00B02339 /* main.cpp in Sources */,
				D82D558321FAAC1D00B02339 /* directional_light.cpp in Sources */,
				D82D557421F8D82500B02339 /* mesh.cpp in Sources */,
			);
			runOnlyForDeploymentPostprocessing = 0;
		};
		D82D558B21FB7F1A00B02339 /* Sources */ = {
			isa = PBXSourcesBuildPhase;
			buildActionMask = 2147483647;
			files = (
				D82D55B721FB7F6600B02339 /* spot_light.cpp in Sources */,
				D82D55B821FB7F6600B02339 /* shader.cpp in Sources */,
				D82D55B921FB7F6600B02339 /* light.cpp in Sources */,
				D82D55B121FB7F6600B02339 /* camera.cpp in Sources */,
				D82D55B021FB7F6600B02339 /* window.cpp in Sources */,
				D82D55B421FB7F6600B02339 /* point_light.cpp in Sources */,
				D82D55B621FB7F6600B02339 /* texture.cpp in Sources */,
				D82D55B321FB7F6600B02339 /* mesh.cpp in Sources */,
				D82D55AF21FB7F6600B02339 /* directional_light.cpp in Sources */,
				D82D55B521FB7F6600B02339 /* main.cpp in Sources */,
				D82D55B221FB7F6600B02339 /* material.cpp in Sources */,
				D82D55C121FB884600B02339 /* model.cpp in Sources */,
			);
			runOnlyForDeploymentPostprocessing = 0;
		};
		D85ACC9D21F810C600669B77 /* Sources */ = {
			isa = PBXSourcesBuildPhase;
			buildActionMask = 2147483647;
			files = (
				D85ACCB121F8112C00669B77 /* shader.cpp in Sources */,
				D85ACCB221F8112C00669B77 /* camera.cpp in Sources */,
				D85ACCB421F8112C00669B77 /* window.cpp in Sources */,
				D85ACCBB21F812AD00669B77 /* texture.cpp in Sources */,
				D85ACCB321F8112C00669B77 /* mesh.cpp in Sources */,
				D85ACCA421F810C600669B77 /* main.cpp in Sources */,
			);
			runOnlyForDeploymentPostprocessing = 0;
		};
		D89A4AF9218D651D00F6EA35 /* Sources */ = {
			isa = PBXSourcesBuildPhase;
			buildActionMask = 2147483647;
			files = (
				D8BAF44921F01B1700E39F4B /* main.cpp in Sources */,
			);
			runOnlyForDeploymentPostprocessing = 0;
		};
		D8BAF43E21F01AF300E39F4B /* Sources */ = {
			isa = PBXSourcesBuildPhase;
			buildActionMask = 2147483647;
			files = (
				D8BAF44B21F01EA100E39F4B /* main.cpp in Sources */,
			);
			runOnlyForDeploymentPostprocessing = 0;
		};
		D8BAF45021F1646F00E39F4B /* Sources */ = {
			isa = PBXSourcesBuildPhase;
			buildActionMask = 2147483647;
			files = (
				D8BAF45721F1646F00E39F4B /* main.cpp in Sources */,
			);
			runOnlyForDeploymentPostprocessing = 0;
		};
		D8BAF45E21F2C20100E39F4B /* Sources */ = {
			isa = PBXSourcesBuildPhase;
			buildActionMask = 2147483647;
			files = (
				D8BAF46F21F38A0600E39F4B /* mesh.cpp in Sources */,
				D8BAF47221F393D800E39F4B /* shader.cpp in Sources */,
				D8BAF46521F2C20100E39F4B /* main.cpp in Sources */,
				D82C8CDF21F40C6700119077 /* window.cpp in Sources */,
			);
			runOnlyForDeploymentPostprocessing = 0;
		};
/* End PBXSourcesBuildPhase section */

/* Begin XCBuildConfiguration section */
		D82C8CE821F6162700119077 /* Debug */ = {
			isa = XCBuildConfiguration;
			buildSettings = {
				CODE_SIGN_STYLE = Automatic;
				HEADER_SEARCH_PATHS = /usr/local/include;
				LIBRARY_SEARCH_PATHS = (
					"$(inherited)",
					/usr/local/Cellar/glfw/3.2.1/lib,
					/usr/local/Cellar/glew/2.1.0/lib,
				);
				PRODUCT_NAME = "$(TARGET_NAME)";
			};
			name = Debug;
		};
		D82C8CE921F6162700119077 /* Release */ = {
			isa = XCBuildConfiguration;
			buildSettings = {
				CODE_SIGN_STYLE = Automatic;
				HEADER_SEARCH_PATHS = /usr/local/include;
				LIBRARY_SEARCH_PATHS = (
					"$(inherited)",
					/usr/local/Cellar/glfw/3.2.1/lib,
					/usr/local/Cellar/glew/2.1.0/lib,
				);
				PRODUCT_NAME = "$(TARGET_NAME)";
			};
			name = Release;
		};
		D82D556321F8D7FE00B02339 /* Debug */ = {
			isa = XCBuildConfiguration;
			buildSettings = {
				CODE_SIGN_STYLE = Automatic;
				HEADER_SEARCH_PATHS = /usr/local/include;
				LIBRARY_SEARCH_PATHS = (
					"$(inherited)",
					/usr/local/Cellar/glfw/3.2.1/lib,
					/usr/local/Cellar/glew/2.1.0/lib,
				);
				PRODUCT_NAME = "$(TARGET_NAME)";
			};
			name = Debug;
		};
		D82D556421F8D7FE00B02339 /* Release */ = {
			isa = XCBuildConfiguration;
			buildSettings = {
				CODE_SIGN_STYLE = Automatic;
				HEADER_SEARCH_PATHS = /usr/local/include;
				LIBRARY_SEARCH_PATHS = (
					"$(inherited)",
					/usr/local/Cellar/glfw/3.2.1/lib,
					/usr/local/Cellar/glew/2.1.0/lib,
				);
				PRODUCT_NAME = "$(TARGET_NAME)";
			};
			name = Release;
		};
		D82D559421FB7F1A00B02339 /* Debug */ = {
			isa = XCBuildConfiguration;
			buildSettings = {
				CODE_SIGN_STYLE = Automatic;
				HEADER_SEARCH_PATHS = /usr/local/include;
				LIBRARY_SEARCH_PATHS = (
					"$(inherited)",
					/usr/local/Cellar/glfw/3.2.1/lib,
					/usr/local/Cellar/glew/2.1.0/lib,
					/usr/local/Cellar/assimp/4.1.0/lib,
				);
				PRODUCT_NAME = "$(TARGET_NAME)";
			};
			name = Debug;
		};
		D82D559521FB7F1A00B02339 /* Release */ = {
			isa = XCBuildConfiguration;
			buildSettings = {
				CODE_SIGN_STYLE = Automatic;
				HEADER_SEARCH_PATHS = /usr/local/include;
				LIBRARY_SEARCH_PATHS = (
					"$(inherited)",
					/usr/local/Cellar/glfw/3.2.1/lib,
					/usr/local/Cellar/glew/2.1.0/lib,
					/usr/local/Cellar/assimp/4.1.0/lib,
				);
				PRODUCT_NAME = "$(TARGET_NAME)";
			};
			name = Release;
		};
		D85ACCA521F810C600669B77 /* Debug */ = {
			isa = XCBuildConfiguration;
			buildSettings = {
				CODE_SIGN_STYLE = Automatic;
				HEADER_SEARCH_PATHS = /usr/local/include;
				LIBRARY_SEARCH_PATHS = (
					"$(inherited)",
					/usr/local/Cellar/glfw/3.2.1/lib,
					/usr/local/Cellar/glew/2.1.0/lib,
				);
				PRODUCT_NAME = "$(TARGET_NAME)";
			};
			name = Debug;
		};
		D85ACCA621F810C600669B77 /* Release */ = {
			isa = XCBuildConfiguration;
			buildSettings = {
				CODE_SIGN_STYLE = Automatic;
				HEADER_SEARCH_PATHS = /usr/local/include;
				LIBRARY_SEARCH_PATHS = (
					"$(inherited)",
					/usr/local/Cellar/glfw/3.2.1/lib,
					/usr/local/Cellar/glew/2.1.0/lib,
				);
				PRODUCT_NAME = "$(TARGET_NAME)";
			};
			name = Release;
		};
		D89A4B02218D651D00F6EA35 /* Debug */ = {
			isa = XCBuildConfiguration;
			buildSettings = {
				ALWAYS_SEARCH_USER_PATHS = NO;
				CLANG_ANALYZER_NONNULL = YES;
				CLANG_ANALYZER_NUMBER_OBJECT_CONVERSION = YES_AGGRESSIVE;
				CLANG_CXX_LANGUAGE_STANDARD = "gnu++14";
				CLANG_CXX_LIBRARY = "libc++";
				CLANG_ENABLE_MODULES = YES;
				CLANG_ENABLE_OBJC_ARC = YES;
				CLANG_ENABLE_OBJC_WEAK = YES;
				CLANG_WARN_BLOCK_CAPTURE_AUTORELEASING = YES;
				CLANG_WARN_BOOL_CONVERSION = YES;
				CLANG_WARN_COMMA = YES;
				CLANG_WARN_CONSTANT_CONVERSION = YES;
				CLANG_WARN_DEPRECATED_OBJC_IMPLEMENTATIONS = YES;
				CLANG_WARN_DIRECT_OBJC_ISA_USAGE = YES_ERROR;
				CLANG_WARN_DOCUMENTATION_COMMENTS = YES;
				CLANG_WARN_EMPTY_BODY = YES;
				CLANG_WARN_ENUM_CONVERSION = YES;
				CLANG_WARN_INFINITE_RECURSION = YES;
				CLANG_WARN_INT_CONVERSION = YES;
				CLANG_WARN_NON_LITERAL_NULL_CONVERSION = YES;
				CLANG_WARN_OBJC_IMPLICIT_RETAIN_SELF = YES;
				CLANG_WARN_OBJC_LITERAL_CONVERSION = YES;
				CLANG_WARN_OBJC_ROOT_CLASS = YES_ERROR;
				CLANG_WARN_RANGE_LOOP_ANALYSIS = YES;
				CLANG_WARN_STRICT_PROTOTYPES = YES;
				CLANG_WARN_SUSPICIOUS_MOVE = YES;
				CLANG_WARN_UNGUARDED_AVAILABILITY = YES_AGGRESSIVE;
				CLANG_WARN_UNREACHABLE_CODE = YES;
				CLANG_WARN__DUPLICATE_METHOD_MATCH = YES;
				CODE_SIGN_IDENTITY = "-";
				COPY_PHASE_STRIP = NO;
				DEBUG_INFORMATION_FORMAT = dwarf;
				ENABLE_STRICT_OBJC_MSGSEND = YES;
				ENABLE_TESTABILITY = YES;
				GCC_C_LANGUAGE_STANDARD = gnu11;
				GCC_DYNAMIC_NO_PIC = NO;
				GCC_NO_COMMON_BLOCKS = YES;
				GCC_OPTIMIZATION_LEVEL = 0;
				GCC_PREPROCESSOR_DEFINITIONS = (
					"DEBUG=1",
					"$(inherited)",
				);
				GCC_WARN_64_TO_32_BIT_CONVERSION = YES;
				GCC_WARN_ABOUT_RETURN_TYPE = YES_ERROR;
				GCC_WARN_UNDECLARED_SELECTOR = YES;
				GCC_WARN_UNINITIALIZED_AUTOS = YES_AGGRESSIVE;
				GCC_WARN_UNUSED_FUNCTION = YES;
				GCC_WARN_UNUSED_VARIABLE = YES;
				MACOSX_DEPLOYMENT_TARGET = 10.14;
				MTL_ENABLE_DEBUG_INFO = INCLUDE_SOURCE;
				MTL_FAST_MATH = YES;
				ONLY_ACTIVE_ARCH = YES;
				SDKROOT = macosx;
			};
			name = Debug;
		};
		D89A4B03218D651D00F6EA35 /* Release */ = {
			isa = XCBuildConfiguration;
			buildSettings = {
				ALWAYS_SEARCH_USER_PATHS = NO;
				CLANG_ANALYZER_NONNULL = YES;
				CLANG_ANALYZER_NUMBER_OBJECT_CONVERSION = YES_AGGRESSIVE;
				CLANG_CXX_LANGUAGE_STANDARD = "gnu++14";
				CLANG_CXX_LIBRARY = "libc++";
				CLANG_ENABLE_MODULES = YES;
				CLANG_ENABLE_OBJC_ARC = YES;
				CLANG_ENABLE_OBJC_WEAK = YES;
				CLANG_WARN_BLOCK_CAPTURE_AUTORELEASING = YES;
				CLANG_WARN_BOOL_CONVERSION = YES;
				CLANG_WARN_COMMA = YES;
				CLANG_WARN_CONSTANT_CONVERSION = YES;
				CLANG_WARN_DEPRECATED_OBJC_IMPLEMENTATIONS = YES;
				CLANG_WARN_DIRECT_OBJC_ISA_USAGE = YES_ERROR;
				CLANG_WARN_DOCUMENTATION_COMMENTS = YES;
				CLANG_WARN_EMPTY_BODY = YES;
				CLANG_WARN_ENUM_CONVERSION = YES;
				CLANG_WARN_INFINITE_RECURSION = YES;
				CLANG_WARN_INT_CONVERSION = YES;
				CLANG_WARN_NON_LITERAL_NULL_CONVERSION = YES;
				CLANG_WARN_OBJC_IMPLICIT_RETAIN_SELF = YES;
				CLANG_WARN_OBJC_LITERAL_CONVERSION = YES;
				CLANG_WARN_OBJC_ROOT_CLASS = YES_ERROR;
				CLANG_WARN_RANGE_LOOP_ANALYSIS = YES;
				CLANG_WARN_STRICT_PROTOTYPES = YES;
				CLANG_WARN_SUSPICIOUS_MOVE = YES;
				CLANG_WARN_UNGUARDED_AVAILABILITY = YES_AGGRESSIVE;
				CLANG_WARN_UNREACHABLE_CODE = YES;
				CLANG_WARN__DUPLICATE_METHOD_MATCH = YES;
				CODE_SIGN_IDENTITY = "-";
				COPY_PHASE_STRIP = NO;
				DEBUG_INFORMATION_FORMAT = "dwarf-with-dsym";
				ENABLE_NS_ASSERTIONS = NO;
				ENABLE_STRICT_OBJC_MSGSEND = YES;
				GCC_C_LANGUAGE_STANDARD = gnu11;
				GCC_NO_COMMON_BLOCKS = YES;
				GCC_WARN_64_TO_32_BIT_CONVERSION = YES;
				GCC_WARN_ABOUT_RETURN_TYPE = YES_ERROR;
				GCC_WARN_UNDECLARED_SELECTOR = YES;
				GCC_WARN_UNINITIALIZED_AUTOS = YES_AGGRESSIVE;
				GCC_WARN_UNUSED_FUNCTION = YES;
				GCC_WARN_UNUSED_VARIABLE = YES;
				MACOSX_DEPLOYMENT_TARGET = 10.14;
				MTL_ENABLE_DEBUG_INFO = NO;
				MTL_FAST_MATH = YES;
				SDKROOT = macosx;
			};
			name = Release;
		};
		D89A4B05218D651D00F6EA35 /* Debug */ = {
			isa = XCBuildConfiguration;
			buildSettings = {
				CODE_SIGN_STYLE = Automatic;
				HEADER_SEARCH_PATHS = /usr/local/include;
				LIBRARY_SEARCH_PATHS = (
					"$(inherited)",
					/usr/local/Cellar/glew/2.1.0/lib,
					/usr/local/Cellar/glfw/3.2.1/lib,
				);
				PRODUCT_NAME = "$(TARGET_NAME)";
			};
			name = Debug;
		};
		D89A4B06218D651D00F6EA35 /* Release */ = {
			isa = XCBuildConfiguration;
			buildSettings = {
				CODE_SIGN_STYLE = Automatic;
				HEADER_SEARCH_PATHS = /usr/local/include;
				LIBRARY_SEARCH_PATHS = (
					"$(inherited)",
					/usr/local/Cellar/glew/2.1.0/lib,
					/usr/local/Cellar/glfw/3.2.1/lib,
				);
				PRODUCT_NAME = "$(TARGET_NAME)";
			};
			name = Release;
		};
		D8BAF44721F01AF300E39F4B /* Debug */ = {
			isa = XCBuildConfiguration;
			buildSettings = {
				CODE_SIGN_STYLE = Automatic;
				HEADER_SEARCH_PATHS = /usr/local/include;
				LIBRARY_SEARCH_PATHS = (
					"$(inherited)",
					/usr/local/Cellar/glfw/3.2.1/lib,
					/usr/local/Cellar/glew/2.1.0/lib,
				);
				PRODUCT_NAME = "$(TARGET_NAME)";
			};
			name = Debug;
		};
		D8BAF44821F01AF300E39F4B /* Release */ = {
			isa = XCBuildConfiguration;
			buildSettings = {
				CODE_SIGN_STYLE = Automatic;
				HEADER_SEARCH_PATHS = /usr/local/include;
				LIBRARY_SEARCH_PATHS = (
					"$(inherited)",
					/usr/local/Cellar/glfw/3.2.1/lib,
					/usr/local/Cellar/glew/2.1.0/lib,
				);
				PRODUCT_NAME = "$(TARGET_NAME)";
			};
			name = Release;
		};
		D8BAF45821F1646F00E39F4B /* Debug */ = {
			isa = XCBuildConfiguration;
			buildSettings = {
				CODE_SIGN_STYLE = Automatic;
				HEADER_SEARCH_PATHS = /usr/local/include;
				LIBRARY_SEARCH_PATHS = (
					"$(inherited)",
					/usr/local/Cellar/glfw/3.2.1/lib,
					/usr/local/Cellar/glew/2.1.0/lib,
				);
				PRODUCT_NAME = "$(TARGET_NAME)";
			};
			name = Debug;
		};
		D8BAF45921F1646F00E39F4B /* Release */ = {
			isa = XCBuildConfiguration;
			buildSettings = {
				CODE_SIGN_STYLE = Automatic;
				HEADER_SEARCH_PATHS = /usr/local/include;
				LIBRARY_SEARCH_PATHS = (
					"$(inherited)",
					/usr/local/Cellar/glfw/3.2.1/lib,
					/usr/local/Cellar/glew/2.1.0/lib,
				);
				PRODUCT_NAME = "$(TARGET_NAME)";
			};
			name = Release;
		};
		D8BAF46621F2C20100E39F4B /* Debug */ = {
			isa = XCBuildConfiguration;
			buildSettings = {
				CODE_SIGN_STYLE = Automatic;
				HEADER_SEARCH_PATHS = /usr/local/include;
				LIBRARY_SEARCH_PATHS = (
					"$(inherited)",
					/usr/local/Cellar/glfw/3.2.1/lib,
					/usr/local/Cellar/glew/2.1.0/lib,
				);
				PRODUCT_NAME = "$(TARGET_NAME)";
			};
			name = Debug;
		};
		D8BAF46721F2C20100E39F4B /* Release */ = {
			isa = XCBuildConfiguration;
			buildSettings = {
				CODE_SIGN_STYLE = Automatic;
				HEADER_SEARCH_PATHS = /usr/local/include;
				LIBRARY_SEARCH_PATHS = (
					"$(inherited)",
					/usr/local/Cellar/glfw/3.2.1/lib,
					/usr/local/Cellar/glew/2.1.0/lib,
				);
				PRODUCT_NAME = "$(TARGET_NAME)";
			};
			name = Release;
		};
/* End XCBuildConfiguration section */

/* Begin XCConfigurationList section */
		D82C8CEA21F6162700119077 /* Build configuration list for PBXNativeTarget "Lesson 4 - Camera" */ = {
			isa = XCConfigurationList;
			buildConfigurations = (
				D82C8CE821F6162700119077 /* Debug */,
				D82C8CE921F6162700119077 /* Release */,
			);
			defaultConfigurationIsVisible = 0;
			defaultConfigurationName = Release;
		};
		D82D556521F8D7FE00B02339 /* Build configuration list for PBXNativeTarget "Lesson 6 - Phong Lighting" */ = {
			isa = XCConfigurationList;
			buildConfigurations = (
				D82D556321F8D7FE00B02339 /* Debug */,
				D82D556421F8D7FE00B02339 /* Release */,
			);
			defaultConfigurationIsVisible = 0;
			defaultConfigurationName = Release;
		};
		D82D559321FB7F1A00B02339 /* Build configuration list for PBXNativeTarget "Lesson 7 - Model Importing" */ = {
			isa = XCConfigurationList;
			buildConfigurations = (
				D82D559421FB7F1A00B02339 /* Debug */,
				D82D559521FB7F1A00B02339 /* Release */,
			);
			defaultConfigurationIsVisible = 0;
			defaultConfigurationName = Release;
		};
		D85ACCA721F810C600669B77 /* Build configuration list for PBXNativeTarget "Lesson 5 - Textures" */ = {
			isa = XCConfigurationList;
			buildConfigurations = (
				D85ACCA521F810C600669B77 /* Debug */,
				D85ACCA621F810C600669B77 /* Release */,
			);
			defaultConfigurationIsVisible = 0;
			defaultConfigurationName = Release;
		};
		D89A4AF8218D651D00F6EA35 /* Build configuration list for PBXProject "OpenGL project" */ = {
			isa = XCConfigurationList;
			buildConfigurations = (
				D89A4B02218D651D00F6EA35 /* Debug */,
				D89A4B03218D651D00F6EA35 /* Release */,
			);
			defaultConfigurationIsVisible = 0;
			defaultConfigurationName = Release;
		};
		D89A4B04218D651D00F6EA35 /* Build configuration list for PBXNativeTarget "Lesson 0 - Show a window" */ = {
			isa = XCConfigurationList;
			buildConfigurations = (
				D89A4B05218D651D00F6EA35 /* Debug */,
				D89A4B06218D651D00F6EA35 /* Release */,
			);
			defaultConfigurationIsVisible = 0;
			defaultConfigurationName = Release;
		};
		D8BAF44621F01AF300E39F4B /* Build configuration list for PBXNativeTarget "Lesson 1 - Shaders and the First Triangle" */ = {
			isa = XCConfigurationList;
			buildConfigurations = (
				D8BAF44721F01AF300E39F4B /* Debug */,
				D8BAF44821F01AF300E39F4B /* Release */,
			);
			defaultConfigurationIsVisible = 0;
			defaultConfigurationName = Release;
		};
		D8BAF45A21F1646F00E39F4B /* Build configuration list for PBXNativeTarget "Lesson 2 - Transforming" */ = {
			isa = XCConfigurationList;
			buildConfigurations = (
				D8BAF45821F1646F00E39F4B /* Debug */,
				D8BAF45921F1646F00E39F4B /* Release */,
			);
			defaultConfigurationIsVisible = 0;
			defaultConfigurationName = Release;
		};
		D8BAF46821F2C20100E39F4B /* Build configuration list for PBXNativeTarget "Lesson 3 - Interpolation_Indexed Draws_Projections" */ = {
			isa = XCConfigurationList;
			buildConfigurations = (
				D8BAF46621F2C20100E39F4B /* Debug */,
				D8BAF46721F2C20100E39F4B /* Release */,
			);
			defaultConfigurationIsVisible = 0;
			defaultConfigurationName = Release;
		};
/* End XCConfigurationList section */
	};
	rootObject = D89A4AF5218D651D00F6EA35 /* Project object */;
}
