// !$*UTF8*$!
{
	archiveVersion = 1;
	classes = {
	};
	objectVersion = 51;
	objects = {

/* Begin PBXBuildFile section */
		D82C8CDF21F40C6700119077 /* window.cpp in Sources */ = {isa = PBXBuildFile; fileRef = D82C8CDD21F40C6700119077 /* window.cpp */; };
		D89A4B09218D659300F6EA35 /* OpenGL.framework in Frameworks */ = {isa = PBXBuildFile; fileRef = D89A4B08218D659300F6EA35 /* OpenGL.framework */; };
		D89A4B0B218D660C00F6EA35 /* libGLEW.2.1.0.dylib in Frameworks */ = {isa = PBXBuildFile; fileRef = D89A4B0A218D660C00F6EA35 /* libGLEW.2.1.0.dylib */; };
		D89A4B0D218D662100F6EA35 /* libglfw.3.2.dylib in Frameworks */ = {isa = PBXBuildFile; fileRef = D89A4B0C218D662100F6EA35 /* libglfw.3.2.dylib */; };
		D8BAF44921F01B1700E39F4B /* main.cpp in Sources */ = {isa = PBXBuildFile; fileRef = D89A4B00218D651D00F6EA35 /* main.cpp */; };
		D8BAF44B21F01EA100E39F4B /* main.cpp in Sources */ = {isa = PBXBuildFile; fileRef = D8EE646C21EF7DC000717DAB /* main.cpp */; };
		D8BAF44C21F01EEA00E39F4B /* OpenGL.framework in Frameworks */ = {isa = PBXBuildFile; fileRef = D89A4B08218D659300F6EA35 /* OpenGL.framework */; };
		D8BAF44D21F01EED00E39F4B /* libglfw.3.2.dylib in Frameworks */ = {isa = PBXBuildFile; fileRef = D89A4B0C218D662100F6EA35 /* libglfw.3.2.dylib */; };
		D8BAF44E21F01EF000E39F4B /* libGLEW.2.1.0.dylib in Frameworks */ = {isa = PBXBuildFile; fileRef = D89A4B0A218D660C00F6EA35 /* libGLEW.2.1.0.dylib */; };
		D8BAF45721F1646F00E39F4B /* main.cpp in Sources */ = {isa = PBXBuildFile; fileRef = D8BAF45621F1646F00E39F4B /* main.cpp */; };
		D8BAF45B21F1660500E39F4B /* libglfw.3.2.dylib in Frameworks */ = {isa = PBXBuildFile; fileRef = D89A4B0C218D662100F6EA35 /* libglfw.3.2.dylib */; };
		D8BAF45C21F1660800E39F4B /* libGLEW.2.1.0.dylib in Frameworks */ = {isa = PBXBuildFile; fileRef = D89A4B0A218D660C00F6EA35 /* libGLEW.2.1.0.dylib */; };
		D8BAF45D21F1660B00E39F4B /* OpenGL.framework in Frameworks */ = {isa = PBXBuildFile; fileRef = D89A4B08218D659300F6EA35 /* OpenGL.framework */; };
		D8BAF46521F2C20100E39F4B /* main.cpp in Sources */ = {isa = PBXBuildFile; fileRef = D8BAF46421F2C20100E39F4B /* main.cpp */; };
		D8BAF46921F2C22300E39F4B /* libglfw.3.2.dylib in Frameworks */ = {isa = PBXBuildFile; fileRef = D89A4B0C218D662100F6EA35 /* libglfw.3.2.dylib */; };
		D8BAF46A21F2C22600E39F4B /* libGLEW.2.1.0.dylib in Frameworks */ = {isa = PBXBuildFile; fileRef = D89A4B0A218D660C00F6EA35 /* libGLEW.2.1.0.dylib */; };
		D8BAF46B21F2C22800E39F4B /* OpenGL.framework in Frameworks */ = {isa = PBXBuildFile; fileRef = D89A4B08218D659300F6EA35 /* OpenGL.framework */; };
		D8BAF46F21F38A0600E39F4B /* mesh.cpp in Sources */ = {isa = PBXBuildFile; fileRef = D8BAF46D21F38A0600E39F4B /* mesh.cpp */; };
		D8BAF47221F393D800E39F4B /* shader.cpp in Sources */ = {isa = PBXBuildFile; fileRef = D8BAF47021F393D800E39F4B /* shader.cpp */; };
/* End PBXBuildFile section */

/* Begin PBXCopyFilesBuildPhase section */
		D89A4AFB218D651D00F6EA35 /* CopyFiles */ = {
			isa = PBXCopyFilesBuildPhase;
			buildActionMask = 2147483647;
			dstPath = /usr/share/man/man1/;
			dstSubfolderSpec = 0;
			files = (
			);
			runOnlyForDeploymentPostprocessing = 1;
		};
		D8BAF44021F01AF300E39F4B /* CopyFiles */ = {
			isa = PBXCopyFilesBuildPhase;
			buildActionMask = 2147483647;
			dstPath = /usr/share/man/man1/;
			dstSubfolderSpec = 0;
			files = (
			);
			runOnlyForDeploymentPostprocessing = 1;
		};
		D8BAF45221F1646F00E39F4B /* CopyFiles */ = {
			isa = PBXCopyFilesBuildPhase;
			buildActionMask = 2147483647;
			dstPath = /usr/share/man/man1/;
			dstSubfolderSpec = 0;
			files = (
			);
			runOnlyForDeploymentPostprocessing = 1;
		};
		D8BAF46021F2C20100E39F4B /* CopyFiles */ = {
			isa = PBXCopyFilesBuildPhase;
			buildActionMask = 2147483647;
			dstPath = /usr/share/man/man1/;
			dstSubfolderSpec = 0;
			files = (
			);
			runOnlyForDeploymentPostprocessing = 1;
		};
/* End PBXCopyFilesBuildPhase section */

/* Begin PBXFileReference section */
		D82C8CDB21F3ACC200119077 /* shader.vert */ = {isa = PBXFileReference; fileEncoding = 4; lastKnownFileType = sourcecode.glsl; path = shader.vert; sourceTree = "<group>"; };
		D82C8CDC21F3ACC200119077 /* shader.frag */ = {isa = PBXFileReference; fileEncoding = 4; lastKnownFileType = sourcecode.glsl; path = shader.frag; sourceTree = "<group>"; };
		D82C8CDD21F40C6700119077 /* window.cpp */ = {isa = PBXFileReference; lastKnownFileType = sourcecode.cpp.cpp; path = window.cpp; sourceTree = "<group>"; };
		D82C8CDE21F40C6700119077 /* window.hpp */ = {isa = PBXFileReference; lastKnownFileType = sourcecode.cpp.h; path = window.hpp; sourceTree = "<group>"; };
		D89A4AFD218D651D00F6EA35 /* Lesson 0 - Show a window */ = {isa = PBXFileReference; explicitFileType = "compiled.mach-o.executable"; includeInIndex = 0; path = "Lesson 0 - Show a window"; sourceTree = BUILT_PRODUCTS_DIR; };
		D89A4B00218D651D00F6EA35 /* main.cpp */ = {isa = PBXFileReference; fileEncoding = 4; lastKnownFileType = sourcecode.cpp.cpp; path = main.cpp; sourceTree = "<group>"; };
		D89A4B08218D659300F6EA35 /* OpenGL.framework */ = {isa = PBXFileReference; lastKnownFileType = wrapper.framework; name = OpenGL.framework; path = System/Library/Frameworks/OpenGL.framework; sourceTree = SDKROOT; };
		D89A4B0A218D660C00F6EA35 /* libGLEW.2.1.0.dylib */ = {isa = PBXFileReference; lastKnownFileType = "compiled.mach-o.dylib"; name = libGLEW.2.1.0.dylib; path = ../../../../usr/local/Cellar/glew/2.1.0/lib/libGLEW.2.1.0.dylib; sourceTree = "<group>"; };
		D89A4B0C218D662100F6EA35 /* libglfw.3.2.dylib */ = {isa = PBXFileReference; lastKnownFileType = "compiled.mach-o.dylib"; name = libglfw.3.2.dylib; path = ../../../../usr/local/Cellar/glfw/3.2.1/lib/libglfw.3.2.dylib; sourceTree = "<group>"; };
		D8BAF44221F01AF300E39F4B /* Lesson 1 - Shaders and the First Triangle */ = {isa = PBXFileReference; explicitFileType = "compiled.mach-o.executable"; includeInIndex = 0; path = "Lesson 1 - Shaders and the First Triangle"; sourceTree = BUILT_PRODUCTS_DIR; };
		D8BAF45421F1646F00E39F4B /* Lesson 2 - Transforming */ = {isa = PBXFileReference; explicitFileType = "compiled.mach-o.executable"; includeInIndex = 0; path = "Lesson 2 - Transforming"; sourceTree = BUILT_PRODUCTS_DIR; };
		D8BAF45621F1646F00E39F4B /* main.cpp */ = {isa = PBXFileReference; fileEncoding = 4; lastKnownFileType = sourcecode.cpp.cpp; path = main.cpp; sourceTree = "<group>"; };
		D8BAF46221F2C20100E39F4B /* Lesson 3 - Interpolation_Indexed Draws_Projections */ = {isa = PBXFileReference; explicitFileType = "compiled.mach-o.executable"; includeInIndex = 0; path = "Lesson 3 - Interpolation_Indexed Draws_Projections"; sourceTree = BUILT_PRODUCTS_DIR; };
		D8BAF46421F2C20100E39F4B /* main.cpp */ = {isa = PBXFileReference; lastKnownFileType = sourcecode.cpp.cpp; path = main.cpp; sourceTree = "<group>"; };
		D8BAF46D21F38A0600E39F4B /* mesh.cpp */ = {isa = PBXFileReference; lastKnownFileType = sourcecode.cpp.cpp; path = mesh.cpp; sourceTree = "<group>"; };
		D8BAF46E21F38A0600E39F4B /* mesh.hpp */ = {isa = PBXFileReference; lastKnownFileType = sourcecode.cpp.h; path = mesh.hpp; sourceTree = "<group>"; };
		D8BAF47021F393D800E39F4B /* shader.cpp */ = {isa = PBXFileReference; lastKnownFileType = sourcecode.cpp.cpp; path = shader.cpp; sourceTree = "<group>"; };
		D8BAF47121F393D800E39F4B /* shader.hpp */ = {isa = PBXFileReference; lastKnownFileType = sourcecode.cpp.h; path = shader.hpp; sourceTree = "<group>"; };
		D8EE646C21EF7DC000717DAB /* main.cpp */ = {isa = PBXFileReference; fileEncoding = 4; lastKnownFileType = sourcecode.cpp.cpp; path = main.cpp; sourceTree = "<group>"; };
/* End PBXFileReference section */

/* Begin PBXFrameworksBuildPhase section */
		D89A4AFA218D651D00F6EA35 /* Frameworks */ = {
			isa = PBXFrameworksBuildPhase;
			buildActionMask = 2147483647;
			files = (
				D89A4B0B218D660C00F6EA35 /* libGLEW.2.1.0.dylib in Frameworks */,
				D89A4B0D218D662100F6EA35 /* libglfw.3.2.dylib in Frameworks */,
				D89A4B09218D659300F6EA35 /* OpenGL.framework in Frameworks */,
			);
			runOnlyForDeploymentPostprocessing = 0;
		};
		D8BAF43F21F01AF300E39F4B /* Frameworks */ = {
			isa = PBXFrameworksBuildPhase;
			buildActionMask = 2147483647;
			files = (
				D8BAF44E21F01EF000E39F4B /* libGLEW.2.1.0.dylib in Frameworks */,
				D8BAF44D21F01EED00E39F4B /* libglfw.3.2.dylib in Frameworks */,
				D8BAF44C21F01EEA00E39F4B /* OpenGL.framework in Frameworks */,
			);
			runOnlyForDeploymentPostprocessing = 0;
		};
		D8BAF45121F1646F00E39F4B /* Frameworks */ = {
			isa = PBXFrameworksBuildPhase;
			buildActionMask = 2147483647;
			files = (
				D8BAF45B21F1660500E39F4B /* libglfw.3.2.dylib in Frameworks */,
				D8BAF45C21F1660800E39F4B /* libGLEW.2.1.0.dylib in Frameworks */,
				D8BAF45D21F1660B00E39F4B /* OpenGL.framework in Frameworks */,
			);
			runOnlyForDeploymentPostprocessing = 0;
		};
		D8BAF45F21F2C20100E39F4B /* Frameworks */ = {
			isa = PBXFrameworksBuildPhase;
			buildActionMask = 2147483647;
			files = (
				D8BAF46921F2C22300E39F4B /* libglfw.3.2.dylib in Frameworks */,
				D8BAF46A21F2C22600E39F4B /* libGLEW.2.1.0.dylib in Frameworks */,
				D8BAF46B21F2C22800E39F4B /* OpenGL.framework in Frameworks */,
			);
			runOnlyForDeploymentPostprocessing = 0;
		};
/* End PBXFrameworksBuildPhase section */

/* Begin PBXGroup section */
		D82C8CD821F3A28B00119077 /* Shaders */ = {
			isa = PBXGroup;
			children = (
				D82C8CDC21F3ACC200119077 /* shader.frag */,
				D82C8CDB21F3ACC200119077 /* shader.vert */,
			);
			path = Shaders;
			sourceTree = "<group>";
		};
		D89A4AF4218D651D00F6EA35 = {
			isa = PBXGroup;
			children = (
				D89A4AFF218D651D00F6EA35 /* Lesson 0 - Show a window */,
				D8BAF44321F01AF300E39F4B /* Lesson 1 - Shaders and the First Triangle */,
				D8BAF45521F1646F00E39F4B /* Lesson 2 - Transforming */,
				D8BAF46321F2C20100E39F4B /* Lesson 3 - Interpolation_Indexed Draws_Projections */,
				D89A4AFE218D651D00F6EA35 /* Products */,
				D89A4B07218D659300F6EA35 /* Frameworks */,
			);
			sourceTree = "<group>";
		};
		D89A4AFE218D651D00F6EA35 /* Products */ = {
			isa = PBXGroup;
			children = (
				D89A4AFD218D651D00F6EA35 /* Lesson 0 - Show a window */,
				D8BAF44221F01AF300E39F4B /* Lesson 1 - Shaders and the First Triangle */,
				D8BAF45421F1646F00E39F4B /* Lesson 2 - Transforming */,
				D8BAF46221F2C20100E39F4B /* Lesson 3 - Interpolation_Indexed Draws_Projections */,
			);
			name = Products;
			sourceTree = "<group>";
		};
		D89A4AFF218D651D00F6EA35 /* Lesson 0 - Show a window */ = {
			isa = PBXGroup;
			children = (
				D89A4B00218D651D00F6EA35 /* main.cpp */,
			);
			path = "Lesson 0 - Show a window";
			sourceTree = "<group>";
		};
		D89A4B07218D659300F6EA35 /* Frameworks */ = {
			isa = PBXGroup;
			children = (
				D89A4B0C218D662100F6EA35 /* libglfw.3.2.dylib */,
				D89A4B0A218D660C00F6EA35 /* libGLEW.2.1.0.dylib */,
				D89A4B08218D659300F6EA35 /* OpenGL.framework */,
			);
			name = Frameworks;
			sourceTree = "<group>";
		};
		D8BAF44321F01AF300E39F4B /* Lesson 1 - Shaders and the First Triangle */ = {
			isa = PBXGroup;
			children = (
				D8EE646C21EF7DC000717DAB /* main.cpp */,
			);
			path = "Lesson 1 - Shaders and the First Triangle";
			sourceTree = "<group>";
		};
		D8BAF45521F1646F00E39F4B /* Lesson 2 - Transforming */ = {
			isa = PBXGroup;
			children = (
				D8BAF45621F1646F00E39F4B /* main.cpp */,
			);
			path = "Lesson 2 - Transforming";
			sourceTree = "<group>";
		};
		D8BAF46321F2C20100E39F4B /* Lesson 3 - Interpolation_Indexed Draws_Projections */ = {
			isa = PBXGroup;
			children = (
				D82C8CD821F3A28B00119077 /* Shaders */,
				D8BAF46421F2C20100E39F4B /* main.cpp */,
				D8BAF47021F393D800E39F4B /* shader.cpp */,
				D82C8CDD21F40C6700119077 /* window.cpp */,
				D82C8CDE21F40C6700119077 /* window.hpp */,
				D8BAF47121F393D800E39F4B /* shader.hpp */,
				D8BAF46D21F38A0600E39F4B /* mesh.cpp */,
				D8BAF46E21F38A0600E39F4B /* mesh.hpp */,
			);
			path = "Lesson 3 - Interpolation_Indexed Draws_Projections";
			sourceTree = "<group>";
		};
/* End PBXGroup section */

/* Begin PBXNativeTarget section */
		D89A4AFC218D651D00F6EA35 /* Lesson 0 - Show a window */ = {
			isa = PBXNativeTarget;
			buildConfigurationList = D89A4B04218D651D00F6EA35 /* Build configuration list for PBXNativeTarget "Lesson 0 - Show a window" */;
			buildPhases = (
				D89A4AF9218D651D00F6EA35 /* Sources */,
				D89A4AFA218D651D00F6EA35 /* Frameworks */,
				D89A4AFB218D651D00F6EA35 /* CopyFiles */,
			);
			buildRules = (
			);
			dependencies = (
			);
			name = "Lesson 0 - Show a window";
			productName = "OpenGl project";
			productReference = D89A4AFD218D651D00F6EA35 /* Lesson 0 - Show a window */;
			productType = "com.apple.product-type.tool";
		};
		D8BAF44121F01AF300E39F4B /* Lesson 1 - Shaders and the First Triangle */ = {
			isa = PBXNativeTarget;
			buildConfigurationList = D8BAF44621F01AF300E39F4B /* Build configuration list for PBXNativeTarget "Lesson 1 - Shaders and the First Triangle" */;
			buildPhases = (
				D8BAF43E21F01AF300E39F4B /* Sources */,
				D8BAF43F21F01AF300E39F4B /* Frameworks */,
				D8BAF44021F01AF300E39F4B /* CopyFiles */,
			);
			buildRules = (
			);
			dependencies = (
			);
			name = "Lesson 1 - Shaders and the First Triangle";
			productName = "Lesson 1 - Shaders and the First Triangle";
			productReference = D8BAF44221F01AF300E39F4B /* Lesson 1 - Shaders and the First Triangle */;
			productType = "com.apple.product-type.tool";
		};
		D8BAF45321F1646F00E39F4B /* Lesson 2 - Transforming */ = {
			isa = PBXNativeTarget;
			buildConfigurationList = D8BAF45A21F1646F00E39F4B /* Build configuration list for PBXNativeTarget "Lesson 2 - Transforming" */;
			buildPhases = (
				D8BAF45021F1646F00E39F4B /* Sources */,
				D8BAF45121F1646F00E39F4B /* Frameworks */,
				D8BAF45221F1646F00E39F4B /* CopyFiles */,
			);
			buildRules = (
			);
			dependencies = (
			);
			name = "Lesson 2 - Transforming";
			productName = "Lesson 2 - Transforming";
			productReference = D8BAF45421F1646F00E39F4B /* Lesson 2 - Transforming */;
			productType = "com.apple.product-type.tool";
		};
		D8BAF46121F2C20100E39F4B /* Lesson 3 - Interpolation_Indexed Draws_Projections */ = {
			isa = PBXNativeTarget;
			buildConfigurationList = D8BAF46821F2C20100E39F4B /* Build configuration list for PBXNativeTarget "Lesson 3 - Interpolation_Indexed Draws_Projections" */;
			buildPhases = (
				D8BAF45E21F2C20100E39F4B /* Sources */,
				D8BAF45F21F2C20100E39F4B /* Frameworks */,
				D8BAF46021F2C20100E39F4B /* CopyFiles */,
			);
			buildRules = (
			);
			dependencies = (
			);
			name = "Lesson 3 - Interpolation_Indexed Draws_Projections";
			productName = "Lesson 3 - Interpolation_Indexed Draws_Projections";
			productReference = D8BAF46221F2C20100E39F4B /* Lesson 3 - Interpolation_Indexed Draws_Projections */;
			productType = "com.apple.product-type.tool";
		};
/* End PBXNativeTarget section */

/* Begin PBXProject section */
		D89A4AF5218D651D00F6EA35 /* Project object */ = {
			isa = PBXProject;
			attributes = {
				LastUpgradeCheck = 1010;
				ORGANIZATIONNAME = Nathan;
				TargetAttributes = {
					D89A4AFC218D651D00F6EA35 = {
						CreatedOnToolsVersion = 10.1;
					};
					D8BAF44121F01AF300E39F4B = {
						CreatedOnToolsVersion = 10.1;
					};
					D8BAF45321F1646F00E39F4B = {
						CreatedOnToolsVersion = 10.1;
					};
					D8BAF46121F2C20100E39F4B = {
						CreatedOnToolsVersion = 10.1;
					};
				};
			};
			buildConfigurationList = D89A4AF8218D651D00F6EA35 /* Build configuration list for PBXProject "OpenGL project" */;
			compatibilityVersion = "Xcode 10.0";
			developmentRegion = en;
			hasScannedForEncodings = 0;
			knownRegions = (
				en,
			);
			mainGroup = D89A4AF4218D651D00F6EA35;
			productRefGroup = D89A4AFE218D651D00F6EA35 /* Products */;
			projectDirPath = "";
			projectRoot = "";
			targets = (
				D89A4AFC218D651D00F6EA35 /* Lesson 0 - Show a window */,
				D8BAF44121F01AF300E39F4B /* Lesson 1 - Shaders and the First Triangle */,
				D8BAF45321F1646F00E39F4B /* Lesson 2 - Transforming */,
				D8BAF46121F2C20100E39F4B /* Lesson 3 - Interpolation_Indexed Draws_Projections */,
			);
		};
/* End PBXProject section */

/* Begin PBXSourcesBuildPhase section */
		D89A4AF9218D651D00F6EA35 /* Sources */ = {
			isa = PBXSourcesBuildPhase;
			buildActionMask = 2147483647;
			files = (
				D8BAF44921F01B1700E39F4B /* main.cpp in Sources */,
			);
			runOnlyForDeploymentPostprocessing = 0;
		};
		D8BAF43E21F01AF300E39F4B /* Sources */ = {
			isa = PBXSourcesBuildPhase;
			buildActionMask = 2147483647;
			files = (
				D8BAF44B21F01EA100E39F4B /* main.cpp in Sources */,
			);
			runOnlyForDeploymentPostprocessing = 0;
		};
		D8BAF45021F1646F00E39F4B /* Sources */ = {
			isa = PBXSourcesBuildPhase;
			buildActionMask = 2147483647;
			files = (
				D8BAF45721F1646F00E39F4B /* main.cpp in Sources */,
			);
			runOnlyForDeploymentPostprocessing = 0;
		};
		D8BAF45E21F2C20100E39F4B /* Sources */ = {
			isa = PBXSourcesBuildPhase;
			buildActionMask = 2147483647;
			files = (
				D8BAF46F21F38A0600E39F4B /* mesh.cpp in Sources */,
				D8BAF47221F393D800E39F4B /* shader.cpp in Sources */,
				D8BAF46521F2C20100E39F4B /* main.cpp in Sources */,
				D82C8CDF21F40C6700119077 /* window.cpp in Sources */,
			);
			runOnlyForDeploymentPostprocessing = 0;
		};
/* End PBXSourcesBuildPhase section */

/* Begin XCBuildConfiguration section */
		D89A4B02218D651D00F6EA35 /* Debug */ = {
			isa = XCBuildConfiguration;
			buildSettings = {
				ALWAYS_SEARCH_USER_PATHS = NO;
				CLANG_ANALYZER_NONNULL = YES;
				CLANG_ANALYZER_NUMBER_OBJECT_CONVERSION = YES_AGGRESSIVE;
				CLANG_CXX_LANGUAGE_STANDARD = "gnu++14";
				CLANG_CXX_LIBRARY = "libc++";
				CLANG_ENABLE_MODULES = YES;
				CLANG_ENABLE_OBJC_ARC = YES;
				CLANG_ENABLE_OBJC_WEAK = YES;
				CLANG_WARN_BLOCK_CAPTURE_AUTORELEASING = YES;
				CLANG_WARN_BOOL_CONVERSION = YES;
				CLANG_WARN_COMMA = YES;
				CLANG_WARN_CONSTANT_CONVERSION = YES;
				CLANG_WARN_DEPRECATED_OBJC_IMPLEMENTATIONS = YES;
				CLANG_WARN_DIRECT_OBJC_ISA_USAGE = YES_ERROR;
				CLANG_WARN_DOCUMENTATION_COMMENTS = YES;
				CLANG_WARN_EMPTY_BODY = YES;
				CLANG_WARN_ENUM_CONVERSION = YES;
				CLANG_WARN_INFINITE_RECURSION = YES;
				CLANG_WARN_INT_CONVERSION = YES;
				CLANG_WARN_NON_LITERAL_NULL_CONVERSION = YES;
				CLANG_WARN_OBJC_IMPLICIT_RETAIN_SELF = YES;
				CLANG_WARN_OBJC_LITERAL_CONVERSION = YES;
				CLANG_WARN_OBJC_ROOT_CLASS = YES_ERROR;
				CLANG_WARN_RANGE_LOOP_ANALYSIS = YES;
				CLANG_WARN_STRICT_PROTOTYPES = YES;
				CLANG_WARN_SUSPICIOUS_MOVE = YES;
				CLANG_WARN_UNGUARDED_AVAILABILITY = YES_AGGRESSIVE;
				CLANG_WARN_UNREACHABLE_CODE = YES;
				CLANG_WARN__DUPLICATE_METHOD_MATCH = YES;
				CODE_SIGN_IDENTITY = "-";
				COPY_PHASE_STRIP = NO;
				DEBUG_INFORMATION_FORMAT = dwarf;
				ENABLE_STRICT_OBJC_MSGSEND = YES;
				ENABLE_TESTABILITY = YES;
				GCC_C_LANGUAGE_STANDARD = gnu11;
				GCC_DYNAMIC_NO_PIC = NO;
				GCC_NO_COMMON_BLOCKS = YES;
				GCC_OPTIMIZATION_LEVEL = 0;
				GCC_PREPROCESSOR_DEFINITIONS = (
					"DEBUG=1",
					"$(inherited)",
				);
				GCC_WARN_64_TO_32_BIT_CONVERSION = YES;
				GCC_WARN_ABOUT_RETURN_TYPE = YES_ERROR;
				GCC_WARN_UNDECLARED_SELECTOR = YES;
				GCC_WARN_UNINITIALIZED_AUTOS = YES_AGGRESSIVE;
				GCC_WARN_UNUSED_FUNCTION = YES;
				GCC_WARN_UNUSED_VARIABLE = YES;
				MACOSX_DEPLOYMENT_TARGET = 10.14;
				MTL_ENABLE_DEBUG_INFO = INCLUDE_SOURCE;
				MTL_FAST_MATH = YES;
				ONLY_ACTIVE_ARCH = YES;
				SDKROOT = macosx;
			};
			name = Debug;
		};
		D89A4B03218D651D00F6EA35 /* Release */ = {
			isa = XCBuildConfiguration;
			buildSettings = {
				ALWAYS_SEARCH_USER_PATHS = NO;
				CLANG_ANALYZER_NONNULL = YES;
				CLANG_ANALYZER_NUMBER_OBJECT_CONVERSION = YES_AGGRESSIVE;
				CLANG_CXX_LANGUAGE_STANDARD = "gnu++14";
				CLANG_CXX_LIBRARY = "libc++";
				CLANG_ENABLE_MODULES = YES;
				CLANG_ENABLE_OBJC_ARC = YES;
				CLANG_ENABLE_OBJC_WEAK = YES;
				CLANG_WARN_BLOCK_CAPTURE_AUTORELEASING = YES;
				CLANG_WARN_BOOL_CONVERSION = YES;
				CLANG_WARN_COMMA = YES;
				CLANG_WARN_CONSTANT_CONVERSION = YES;
				CLANG_WARN_DEPRECATED_OBJC_IMPLEMENTATIONS = YES;
				CLANG_WARN_DIRECT_OBJC_ISA_USAGE = YES_ERROR;
				CLANG_WARN_DOCUMENTATION_COMMENTS = YES;
				CLANG_WARN_EMPTY_BODY = YES;
				CLANG_WARN_ENUM_CONVERSION = YES;
				CLANG_WARN_INFINITE_RECURSION = YES;
				CLANG_WARN_INT_CONVERSION = YES;
				CLANG_WARN_NON_LITERAL_NULL_CONVERSION = YES;
				CLANG_WARN_OBJC_IMPLICIT_RETAIN_SELF = YES;
				CLANG_WARN_OBJC_LITERAL_CONVERSION = YES;
				CLANG_WARN_OBJC_ROOT_CLASS = YES_ERROR;
				CLANG_WARN_RANGE_LOOP_ANALYSIS = YES;
				CLANG_WARN_STRICT_PROTOTYPES = YES;
				CLANG_WARN_SUSPICIOUS_MOVE = YES;
				CLANG_WARN_UNGUARDED_AVAILABILITY = YES_AGGRESSIVE;
				CLANG_WARN_UNREACHABLE_CODE = YES;
				CLANG_WARN__DUPLICATE_METHOD_MATCH = YES;
				CODE_SIGN_IDENTITY = "-";
				COPY_PHASE_STRIP = NO;
				DEBUG_INFORMATION_FORMAT = "dwarf-with-dsym";
				ENABLE_NS_ASSERTIONS = NO;
				ENABLE_STRICT_OBJC_MSGSEND = YES;
				GCC_C_LANGUAGE_STANDARD = gnu11;
				GCC_NO_COMMON_BLOCKS = YES;
				GCC_WARN_64_TO_32_BIT_CONVERSION = YES;
				GCC_WARN_ABOUT_RETURN_TYPE = YES_ERROR;
				GCC_WARN_UNDECLARED_SELECTOR = YES;
				GCC_WARN_UNINITIALIZED_AUTOS = YES_AGGRESSIVE;
				GCC_WARN_UNUSED_FUNCTION = YES;
				GCC_WARN_UNUSED_VARIABLE = YES;
				MACOSX_DEPLOYMENT_TARGET = 10.14;
				MTL_ENABLE_DEBUG_INFO = NO;
				MTL_FAST_MATH = YES;
				SDKROOT = macosx;
			};
			name = Release;
		};
		D89A4B05218D651D00F6EA35 /* Debug */ = {
			isa = XCBuildConfiguration;
			buildSettings = {
				CODE_SIGN_STYLE = Automatic;
				HEADER_SEARCH_PATHS = /usr/local/include;
				LIBRARY_SEARCH_PATHS = (
					"$(inherited)",
					/usr/local/Cellar/glew/2.1.0/lib,
					/usr/local/Cellar/glfw/3.2.1/lib,
				);
				PRODUCT_NAME = "$(TARGET_NAME)";
			};
			name = Debug;
		};
		D89A4B06218D651D00F6EA35 /* Release */ = {
			isa = XCBuildConfiguration;
			buildSettings = {
				CODE_SIGN_STYLE = Automatic;
				HEADER_SEARCH_PATHS = /usr/local/include;
				LIBRARY_SEARCH_PATHS = (
					"$(inherited)",
					/usr/local/Cellar/glew/2.1.0/lib,
					/usr/local/Cellar/glfw/3.2.1/lib,
				);
				PRODUCT_NAME = "$(TARGET_NAME)";
			};
			name = Release;
		};
		D8BAF44721F01AF300E39F4B /* Debug */ = {
			isa = XCBuildConfiguration;
			buildSettings = {
				CODE_SIGN_STYLE = Automatic;
				HEADER_SEARCH_PATHS = /usr/local/include;
				LIBRARY_SEARCH_PATHS = (
					"$(inherited)",
					/usr/local/Cellar/glfw/3.2.1/lib,
					/usr/local/Cellar/glew/2.1.0/lib,
				);
				PRODUCT_NAME = "$(TARGET_NAME)";
			};
			name = Debug;
		};
		D8BAF44821F01AF300E39F4B /* Release */ = {
			isa = XCBuildConfiguration;
			buildSettings = {
				CODE_SIGN_STYLE = Automatic;
				HEADER_SEARCH_PATHS = /usr/local/include;
				LIBRARY_SEARCH_PATHS = (
					"$(inherited)",
					/usr/local/Cellar/glfw/3.2.1/lib,
					/usr/local/Cellar/glew/2.1.0/lib,
				);
				PRODUCT_NAME = "$(TARGET_NAME)";
			};
			name = Release;
		};
		D8BAF45821F1646F00E39F4B /* Debug */ = {
			isa = XCBuildConfiguration;
			buildSettings = {
				CODE_SIGN_STYLE = Automatic;
				HEADER_SEARCH_PATHS = /usr/local/include;
				LIBRARY_SEARCH_PATHS = (
					"$(inherited)",
					/usr/local/Cellar/glfw/3.2.1/lib,
					/usr/local/Cellar/glew/2.1.0/lib,
				);
				PRODUCT_NAME = "$(TARGET_NAME)";
			};
			name = Debug;
		};
		D8BAF45921F1646F00E39F4B /* Release */ = {
			isa = XCBuildConfiguration;
			buildSettings = {
				CODE_SIGN_STYLE = Automatic;
				HEADER_SEARCH_PATHS = /usr/local/include;
				LIBRARY_SEARCH_PATHS = (
					"$(inherited)",
					/usr/local/Cellar/glfw/3.2.1/lib,
					/usr/local/Cellar/glew/2.1.0/lib,
				);
				PRODUCT_NAME = "$(TARGET_NAME)";
			};
			name = Release;
		};
		D8BAF46621F2C20100E39F4B /* Debug */ = {
			isa = XCBuildConfiguration;
			buildSettings = {
				CODE_SIGN_STYLE = Automatic;
				HEADER_SEARCH_PATHS = /usr/local/include;
				LIBRARY_SEARCH_PATHS = (
					"$(inherited)",
					/usr/local/Cellar/glfw/3.2.1/lib,
					/usr/local/Cellar/glew/2.1.0/lib,
				);
				PRODUCT_NAME = "$(TARGET_NAME)";
			};
			name = Debug;
		};
		D8BAF46721F2C20100E39F4B /* Release */ = {
			isa = XCBuildConfiguration;
			buildSettings = {
				CODE_SIGN_STYLE = Automatic;
				HEADER_SEARCH_PATHS = /usr/local/include;
				LIBRARY_SEARCH_PATHS = (
					"$(inherited)",
					/usr/local/Cellar/glfw/3.2.1/lib,
					/usr/local/Cellar/glew/2.1.0/lib,
				);
				PRODUCT_NAME = "$(TARGET_NAME)";
			};
			name = Release;
		};
/* End XCBuildConfiguration section */

/* Begin XCConfigurationList section */
		D89A4AF8218D651D00F6EA35 /* Build configuration list for PBXProject "OpenGL project" */ = {
			isa = XCConfigurationList;
			buildConfigurations = (
				D89A4B02218D651D00F6EA35 /* Debug */,
				D89A4B03218D651D00F6EA35 /* Release */,
			);
			defaultConfigurationIsVisible = 0;
			defaultConfigurationName = Release;
		};
		D89A4B04218D651D00F6EA35 /* Build configuration list for PBXNativeTarget "Lesson 0 - Show a window" */ = {
			isa = XCConfigurationList;
			buildConfigurations = (
				D89A4B05218D651D00F6EA35 /* Debug */,
				D89A4B06218D651D00F6EA35 /* Release */,
			);
			defaultConfigurationIsVisible = 0;
			defaultConfigurationName = Release;
		};
		D8BAF44621F01AF300E39F4B /* Build configuration list for PBXNativeTarget "Lesson 1 - Shaders and the First Triangle" */ = {
			isa = XCConfigurationList;
			buildConfigurations = (
				D8BAF44721F01AF300E39F4B /* Debug */,
				D8BAF44821F01AF300E39F4B /* Release */,
			);
			defaultConfigurationIsVisible = 0;
			defaultConfigurationName = Release;
		};
		D8BAF45A21F1646F00E39F4B /* Build configuration list for PBXNativeTarget "Lesson 2 - Transforming" */ = {
			isa = XCConfigurationList;
			buildConfigurations = (
				D8BAF45821F1646F00E39F4B /* Debug */,
				D8BAF45921F1646F00E39F4B /* Release */,
			);
			defaultConfigurationIsVisible = 0;
			defaultConfigurationName = Release;
		};
		D8BAF46821F2C20100E39F4B /* Build configuration list for PBXNativeTarget "Lesson 3 - Interpolation_Indexed Draws_Projections" */ = {
			isa = XCConfigurationList;
			buildConfigurations = (
				D8BAF46621F2C20100E39F4B /* Debug */,
				D8BAF46721F2C20100E39F4B /* Release */,
			);
			defaultConfigurationIsVisible = 0;
			defaultConfigurationName = Release;
		};
/* End XCConfigurationList section */
	};
	rootObject = D89A4AF5218D651D00F6EA35 /* Project object */;
}
